{
	"name": "nvs",
	"version": "1.1.21",
	"lockfileVersion": 3,
	"requires": true,
	"packages": {
		"": {
			"name": "nvs",
			"version": "1.1.21",
			"license": "MIT",
			"dependencies": {
				"node-version-use": "^2.1.6"
			},
			"bin": {
				"nvs": "bin/cli.cjs"
			},
			"engines": {
				"node": ">=0.8"
			}
		},
		"node_modules/@xterm/headless": {
			"version": "5.5.0",
			"resolved": "https://registry.npmjs.org/@xterm/headless/-/headless-5.5.0.tgz",
			"integrity": "sha512-5xXB7kdQlFBP82ViMJTwwEc3gKCLGKR/eoxQm4zge7GPBl86tCdI0IdPJjoKd8mUSFXz5V7i/25sfsEkP4j46g==",
			"license": "MIT"
		},
		"node_modules/async-compat": {
			"version": "1.7.9",
			"resolved": "https://registry.npmjs.org/async-compat/-/async-compat-1.7.9.tgz",
			"integrity": "sha512-5HpasSxXdvjcsgwwoNDmMmcAd+xMBMjLcydp8ZaUU0kzrF43uG7X3lWKPjMCzSh0uOMDc3xluKJLqpeQZa24jQ==",
			"license": "MIT",
			"dependencies": {
				"is-error": "^2.2.2",
				"is-promise": "^4.0.0"
			},
			"engines": {
				"node": ">=0.8"
			}
		},
		"node_modules/call-once-fn": {
			"version": "1.1.10",
			"resolved": "https://registry.npmjs.org/call-once-fn/-/call-once-fn-1.1.10.tgz",
			"integrity": "sha512-eCtzo4DTRSrc/cPYb0JAgu03H1vDIQ14Mv1jJn8xzRotyAU1Pn7FuAul72+lLodKmYalmCUuzJCotL75FmMT2w==",
			"license": "MIT",
			"engines": {
				"node": ">=0.8"
			}
		},
		"node_modules/colors": {
			"version": "1.4.0",
			"resolved": "https://registry.npmjs.org/colors/-/colors-1.4.0.tgz",
			"integrity": "sha512-a+UqTh4kgZg/SlGvfbzDHpgRu7AAQOmmqRHJnxhRZICKFUT91brVhNNt58CMWU9PsBbv3PDCZUHbVxuDiH2mtA==",
			"license": "MIT",
			"engines": {
				"node": ">=0.1.90"
			}
		},
		"node_modules/content-disposition": {
			"version": "1.0.1",
			"resolved": "https://registry.npmjs.org/content-disposition/-/content-disposition-1.0.1.tgz",
			"integrity": "sha512-oIXISMynqSqm241k6kcQ5UwttDILMK4BiurCfGEREw6+X9jkkpEe5T9FZaApyLGGOnFuyMWZpdolTXMtvEJ08Q==",
			"license": "MIT",
			"engines": {
				"node": ">=18"
			},
			"funding": {
				"type": "opencollective",
				"url": "https://opencollective.com/express"
			}
		},
		"node_modules/core-util-is": {
			"version": "1.0.3",
			"resolved": "https://registry.npmjs.org/core-util-is/-/core-util-is-1.0.3.tgz",
			"integrity": "sha512-ZQBvi1DcpJ4GDqanjucZ2Hj3wEO5pZDS89BWbkcrvdxksJorwUDDZamX9ldFkp9aw2lmBDLgkObEA4DWNJ9FYQ==",
			"license": "MIT"
		},
		"node_modules/cross-spawn": {
			"version": "7.0.6",
			"resolved": "https://registry.npmjs.org/cross-spawn/-/cross-spawn-7.0.6.tgz",
			"integrity": "sha512-uV2QOWP2nWzsy2aMp8aRibhi9dlzF5Hgh5SHaB9OiTGEyDTiJJyx0uy51QXdyWbtAHNua4XJzUKca3OzKUd3vA==",
			"license": "MIT",
			"dependencies": {
				"path-key": "^3.1.0",
				"shebang-command": "^2.0.0",
				"which": "^2.0.1"
			},
			"engines": {
				"node": ">= 8"
			}
		},
		"node_modules/cross-spawn-cb": {
			"version": "2.4.14",
			"resolved": "https://registry.npmjs.org/cross-spawn-cb/-/cross-spawn-cb-2.4.14.tgz",
			"integrity": "sha512-Kw3wCds+mYn5hEhpC2xQKz/WhIim/OoyHKMkawNm3ad4kTYkc9wwpLI7jzEC3FQH+c8ZdDSDQV/OFU4oEl1TIA==",
			"license": "MIT",
			"dependencies": {
				"cross-spawn": "^7.0.6",
				"function-exec-sync": "^1.5.4",
				"on-one": "^1.0.10"
			},
			"engines": {
				"node": ">=0.8"
			}
		},
		"node_modules/end-of-stream": {
			"version": "1.4.5",
			"resolved": "https://registry.npmjs.org/end-of-stream/-/end-of-stream-1.4.5.tgz",
			"integrity": "sha512-ooEGc6HP26xXq/N+GCGOT0JKCLDGrq2bQUZrQ7gyrJiZANJ/8YDTxTpQBXGMn+WbIQXNVpyWymm7KYVICQnyOg==",
			"license": "MIT",
			"dependencies": {
				"once": "^1.4.0"
			}
		},
		"node_modules/env-path-key": {
			"version": "1.1.8",
			"resolved": "https://registry.npmjs.org/env-path-key/-/env-path-key-1.1.8.tgz",
			"integrity": "sha512-IxRIy9T9IRiIlwWlHQBX1IICDlMsoPaXybhAYju5IKn+t8yDZnRPz1sUhWhDPR5RW+r0mz3jbQJPwXRxVkMhVA==",
			"license": "MIT",
			"engines": {
				"node": ">=0.8"
			}
		},
		"node_modules/exit-compat": {
			"version": "1.0.4",
			"resolved": "https://registry.npmjs.org/exit-compat/-/exit-compat-1.0.4.tgz",
			"integrity": "sha512-qJ5j//PcSr4+F5YdxO2pV1XESJ15H39/iKCIaPz+falm7jB/yGJW93r2dOVa9UHv9SeLKqdY5U+l9pciFNml7g==",
			"license": "MIT",
			"engines": {
				"node": ">=0.8"
			}
		},
		"node_modules/fetch-json-cache": {
			"version": "1.3.13",
			"resolved": "https://registry.npmjs.org/fetch-json-cache/-/fetch-json-cache-1.3.13.tgz",
			"integrity": "sha512-5F3BD5HgdNy/C+f66giMT2/G2+jIdj31SAMvLkQtlNEmftiPHexBw2Ub1sD1nNakdxIDIfye6BmbC9qDAd/v6g==",
			"license": "MIT",
			"dependencies": {
				"fs-remove-compat": "^0.2.3",
				"get-remote": "^2.3.2",
				"mkdirp-classic": "^0.5.3",
				"queue-cb": "^1.6.3",
				"temp-suffix": "^1.0.10"
			},
			"engines": {
				"node": ">=0.8"
			}
		},
		"node_modules/fs-remove-compat": {
			"version": "0.2.3",
			"resolved": "https://registry.npmjs.org/fs-remove-compat/-/fs-remove-compat-0.2.3.tgz",
			"integrity": "sha512-xHOpKO+NHlQ24A8emJRwUqGmLZRDB/T3cyjEfKARLcXY0rZWlgdFCkh1MA+AJG6LFtbcksNwqOqcYA7/4ADWFQ==",
			"license": "MIT",
			"dependencies": {
				"pinkie-promise": "^2.0.1"
			},
			"engines": {
				"node": ">=0.8"
			}
		},
		"node_modules/function-bind": {
			"version": "1.1.2",
			"resolved": "https://registry.npmjs.org/function-bind/-/function-bind-1.1.2.tgz",
			"integrity": "sha512-7XHNxH7qX9xG5mIwxkhumTox/MIRNcOgDrxWsMt2pAr23WHp6MrRlN7FBSFpCpr+oVO0F744iUgR82nJMfG2SA==",
			"license": "MIT",
			"funding": {
				"url": "https://github.com/sponsors/ljharb"
			}
		},
		"node_modules/function-exec-sync": {
			"version": "1.5.5",
			"resolved": "https://registry.npmjs.org/function-exec-sync/-/function-exec-sync-1.5.5.tgz",
			"integrity": "sha512-OWEtWiUruKX8OfJXiRiSFoMN8Jqmrf36UFmE15mxOeN/XqG6wkF1hQtgJZI4/mazKCIMQXapXwtTj5A7u8zyTg==",
			"license": "MIT",
			"dependencies": {
				"async-compat": "^1.7.9",
				"mkdirp-classic": "^0.5.3",
				"os-shim": "^0.1.3",
				"randombytes": "^2.1.0",
				"short-hash": "^1.0.0",
				"temp-suffix": "^1.0.10",
				"thread-sleep-compat": "^1.1.5"
			},
			"engines": {
				"node": ">=0.8"
			}
		},
		"node_modules/get-remote": {
			"version": "2.3.3",
			"resolved": "https://registry.npmjs.org/get-remote/-/get-remote-2.3.3.tgz",
			"integrity": "sha512-EoVrlJSeCfcp+NDcq0g6kA5qpYGy898cZ3uKwTbCAzoFUZt9jOkvII/S0eJp+d/b+JBeLKqC9hG73GsTyj848g==",
			"license": "MIT",
			"dependencies": {
				"call-once-fn": "^1.1.10",
				"content-disposition": "^1.0.1",
				"fs-remove-compat": "^0.2.3",
				"function-exec-sync": "^1.5.5",
				"mkdirp-classic": "^0.5.3",
				"node-exec-path": "^1.1.17",
				"on-one": "^1.0.10",
				"os-shim": "^0.1.3",
				"progress-stream": "^2.0.0",
				"pump": "^3.0.3",
				"readable-stream": "^2.3.8",
				"temp-suffix": "^1.0.10"
			},
			"engines": {
				"node": ">=0.8"
			}
		},
		"node_modules/getopts-compat": {
			"version": "2.2.6",
			"resolved": "https://registry.npmjs.org/getopts-compat/-/getopts-compat-2.2.6.tgz",
			"integrity": "sha512-7/eVVvGx2cr6Pz0j0CJZFqdHg8UCE3rryZs7BkhaIc7NDecaCTzTWCjAsxOQv58uShF192y4Da7xRT44F3jAsQ==",
			"license": "MIT"
		},
		"node_modules/hash-string": {
			"version": "1.0.0",
			"resolved": "https://registry.npmjs.org/hash-string/-/hash-string-1.0.0.tgz",
			"integrity": "sha512-dtNNyxXobzHavayZwOwRWhBTqS9GX4jDjIMsGc0fDyaN2A+4zMn5Ua9ODDCggN6w3Spma6mAHL3ImmW3BkWDmQ==",
			"license": "ISC"
		},
		"node_modules/hasown": {
			"version": "2.0.2",
			"resolved": "https://registry.npmjs.org/hasown/-/hasown-2.0.2.tgz",
			"integrity": "sha512-0hJU9SCPvmMzIBdZFqNPXWa6dqh7WdH0cII9y+CyS8rG3nL48Bclra9HmKhVVUHyPWNH5Y7xDwAB7bfgSjkUMQ==",
			"license": "MIT",
			"dependencies": {
				"function-bind": "^1.1.2"
			},
			"engines": {
				"node": ">= 0.4"
			}
		},
		"node_modules/homedir-polyfill": {
			"version": "1.0.3",
			"resolved": "https://registry.npmjs.org/homedir-polyfill/-/homedir-polyfill-1.0.3.tgz",
			"integrity": "sha512-eSmmWE5bZTK2Nou4g0AI3zZ9rswp7GRKoKXS1BLUkvPviOqs4YTN1djQIqrXy9k5gEtdLPy86JjRwsNM9tnDcA==",
			"license": "MIT",
			"dependencies": {
				"parse-passwd": "^1.0.0"
			},
			"engines": {
				"node": ">=0.10.0"
			}
		},
		"node_modules/imurmurhash": {
			"version": "0.1.4",
			"resolved": "https://registry.npmjs.org/imurmurhash/-/imurmurhash-0.1.4.tgz",
			"integrity": "sha512-JmXMZ6wuvDmLiHEml9ykzqO6lwFbof0GG4IkcGaENdCRDDmMVnny7s5HsIgHCbaq0w2MyPhDqkhTUgS2LU2PHA==",
			"license": "MIT",
			"engines": {
				"node": ">=0.8.19"
			}
		},
		"node_modules/inherits": {
			"version": "2.0.4",
			"resolved": "https://registry.npmjs.org/inherits/-/inherits-2.0.4.tgz",
			"integrity": "sha512-k/vGaX4/Yla3WzyMCvTQOXYeIHvqOKtnqBduzTHpzpQZzAskKMhZ2K+EnBiSM9zGSoIFeMpXKxa4dYeZIQqewQ==",
			"license": "ISC"
		},
		"node_modules/install-module-linked": {
			"version": "1.3.16",
			"resolved": "https://registry.npmjs.org/install-module-linked/-/install-module-linked-1.3.16.tgz",
			"integrity": "sha512-TMVGhLD1dNVBaTu1MasRk2vtncxRlgL5RBn2MaxvviofeW/RQMDWsSCsCVLi3GHLaiCuAffipPB1tFEeVTrRsw==",
			"license": "MIT",
			"dependencies": {
				"cross-spawn-cb": "^2.4.13",
				"exit-compat": "^1.0.3",
				"fs-remove-compat": "^0.2.3",
				"function-exec-sync": "^1.5.5",
				"getopts-compat": "^2.2.6",
				"homedir-polyfill": "^1.0.3",
				"mkdirp-classic": "^0.5.3",
				"node-exec-path": "^1.1.18",
				"node-version-utils": "^1.3.17",
				"queue-cb": "^1.6.3",
				"temp-suffix": "^1.0.10"
			},
			"bin": {
				"iml": "bin/cli.js"
			},
			"engines": {
				"node": ">=0.8"
			}
		},
		"node_modules/is-core-module": {
			"version": "2.16.1",
			"resolved": "https://registry.npmjs.org/is-core-module/-/is-core-module-2.16.1.tgz",
			"integrity": "sha512-UfoeMA6fIJ8wTYFEUjelnaGI67v6+N7qXJEvQuIGa99l4xsCruSYOVSQ0uPANn4dAzm8lkYPaKLrrijLq7x23w==",
			"license": "MIT",
			"dependencies": {
				"hasown": "^2.0.2"
			},
			"engines": {
				"node": ">= 0.4"
			},
			"funding": {
				"url": "https://github.com/sponsors/ljharb"
			}
		},
		"node_modules/is-error": {
			"version": "2.2.2",
			"resolved": "https://registry.npmjs.org/is-error/-/is-error-2.2.2.tgz",
			"integrity": "sha512-IOQqts/aHWbiisY5DuPJQ0gcbvaLFCa7fBa9xoLfxBZvQ+ZI/Zh9xoI7Gk+G64N0FdK4AbibytHht2tWgpJWLg==",
			"license": "MIT"
		},
		"node_modules/is-promise": {
			"version": "4.0.0",
			"resolved": "https://registry.npmjs.org/is-promise/-/is-promise-4.0.0.tgz",
			"integrity": "sha512-hvpoI6korhJMnej285dSg6nu1+e6uxs7zG3BYAm5byqDsgJNWwxzM6z6iZiAgQR4TJ30JmBTOwqZUw3WlyH3AQ==",
			"license": "MIT"
		},
		"node_modules/isarray": {
			"version": "1.0.0",
			"resolved": "https://registry.npmjs.org/isarray/-/isarray-1.0.0.tgz",
			"integrity": "sha512-VLghIWNM6ELQzo7zwmcg0NmTVyWKYjvIeM83yjp0wRDTmUnrM678fQbcKBo6n2CJEF0szoG//ytg+TKla89ALQ==",
			"license": "MIT"
		},
		"node_modules/isexe": {
			"version": "2.0.0",
			"resolved": "https://registry.npmjs.org/isexe/-/isexe-2.0.0.tgz",
			"integrity": "sha512-RHxMLp9lnKHGHRng9QFhRCMbYAcVpn69smSGcq3f36xjgVVWThj4qqLbTLlq7Ssj8B+fIQ1EuCEGI2lKsyQeIw==",
			"license": "ISC"
		},
		"node_modules/lodash.uniq": {
			"version": "4.5.0",
			"resolved": "https://registry.npmjs.org/lodash.uniq/-/lodash.uniq-4.5.0.tgz",
			"integrity": "sha512-xfBaXQd9ryd9dlSDvnvI0lvxfLJlYAZzXomUYzLKtUeOQvOP5piqAWuGtrhWeqaXK9hhoM/iyJc5AV+XfsX3HQ==",
			"license": "MIT"
		},
		"node_modules/mkdirp-classic": {
			"version": "0.5.3",
			"resolved": "https://registry.npmjs.org/mkdirp-classic/-/mkdirp-classic-0.5.3.tgz",
			"integrity": "sha512-gKLcREMhtuZRwRAfqP3RFW+TK4JqApVBtOIftVgjuABpAtpxhPGaDcfvbhNvD0B8iD1oUr/txX35NjcaY6Ns/A==",
			"license": "MIT"
		},
		"node_modules/node-exec-path": {
			"version": "1.1.18",
			"resolved": "https://registry.npmjs.org/node-exec-path/-/node-exec-path-1.1.18.tgz",
			"integrity": "sha512-rfFR/+GuIm0BGYa/b5JPtE3o1jNbTUAXqJMI3aNUv8dEgV83+xnhRVctJ/NKrM3Dym4sBD75emO2IE8jwQRgGA==",
			"license": "MIT",
			"dependencies": {
				"env-path-key": "^1.1.8",
				"function-exec-sync": "^1.5.4",
				"semver": "^5.7.1"
			},
			"engines": {
				"node": ">=0.8"
			}
		},
		"node_modules/node-resolve-versions": {
			"version": "1.3.13",
			"resolved": "https://registry.npmjs.org/node-resolve-versions/-/node-resolve-versions-1.3.13.tgz",
			"integrity": "sha512-MHi/fZue/c6V4eC5Lv30evghGhPbtwEyWpqDRVg2VciHqHY61dDJ9oWy4hDUcFgqEMW/2mkBYaz+Li8oidojBg==",
			"license": "MIT",
			"dependencies": {
				"lodash.uniq": "^4.5.0",
				"node-semvers": "^1.5.17",
				"semver": "^5.7.1"
			},
			"engines": {
				"node": ">=0.8"
			}
		},
		"node_modules/node-semvers": {
			"version": "1.5.17",
			"resolved": "https://registry.npmjs.org/node-semvers/-/node-semvers-1.5.17.tgz",
			"integrity": "sha512-SjiCR/vzSRHHGAP3vpdRbPPGy6AeSBN/+PEcxb8QnEipMFuO2Yf78YYUsbwUWiGS7qSMso6OciKIhgxjdRDGhA==",
			"hasInstallScript": true,
			"license": "MIT",
			"dependencies": {
				"exit-compat": "^1.0.3",
				"fetch-json-cache": "^1.3.12",
				"getopts-compat": "^2.2.6",
				"semver": "^5.7.1"
			},
			"bin": {
				"nsv": "bin/cli.cjs"
			},
			"engines": {
				"node": ">=0.8"
			}
		},
		"node_modules/node-version-use": {
			"version": "2.1.6",
			"resolved": "https://registry.npmjs.org/node-version-use/-/node-version-use-2.1.6.tgz",
			"integrity": "sha512-VaWDzNwiXbQ8ZB2pZKSQlIUQjYrMPq6Q6gqnYsYmMeM69nyse8k+XaTggbc8GY1pRcDeOIkaUVySWO4vwSXY8g==",
			"hasInstallScript": true,
			"license": "MIT",
			"dependencies": {
				"cross-spawn-cb": "^2.4.14",
				"exit-compat": "^1.0.3",
				"fs-remove-compat": "^0.2.3",
				"getopts-compat": "^2.2.6",
				"homedir-polyfill": "^1.0.3",
				"install-module-linked": "^1.3.16",
				"mkdirp-classic": "^0.5.3",
				"node-resolve-versions": "^1.3.11",
				"node-version-utils": "^1.3.17",
				"queue-cb": "^1.6.3",
				"resolve-bin-sync": "^1.0.12",
				"spawn-streaming": "^1.1.15",
				"spawn-term": "^3.3.5"
			},
			"bin": {
				"nvu": "bin/cli.js"
			},
			"engines": {
				"node": ">=0.8"
			}
		},
		"node_modules/node-version-utils": {
			"version": "1.3.17",
			"resolved": "https://registry.npmjs.org/node-version-utils/-/node-version-utils-1.3.17.tgz",
			"integrity": "sha512-RLqFS04kKJQ8r+np8S6V6YtpIlqLldZqB9/+lkEqOPK/e41uSMZOyDBdf9YkmGarZowuPqcpF9RaV+6mZsaBEg==",
			"license": "MIT",
			"dependencies": {
				"env-path-key": "^1.1.8",
				"path-string-prepend": "^1.1.8"
			},
			"engines": {
				"node": ">=0.8"
			}
		},
		"node_modules/on-one": {
			"version": "1.0.10",
			"resolved": "https://registry.npmjs.org/on-one/-/on-one-1.0.10.tgz",
			"integrity": "sha512-MwNcL9Pnyni+Nx3/RadJYIdo/to/GO14M+dDJln96u3XHwxVlEWbS3lrTUusi1DwrHQFy44Uh2aMd/uT5xOPTw==",
			"license": "MIT",
			"engines": {
				"node": ">=0.8"
			}
		},
		"node_modules/once": {
			"version": "1.4.0",
			"resolved": "https://registry.npmjs.org/once/-/once-1.4.0.tgz",
			"integrity": "sha512-lNaJgI+2Q5URQBkccEKHTQOPaXdUxnZZElQTZY0MFUAuaEqe1E+Nyvgdz/aIyNi6Z9MzO5dv1H8n58/GELp3+w==",
			"license": "ISC",
			"dependencies": {
				"wrappy": "1"
			}
		},
		"node_modules/os-shim": {
			"version": "0.1.3",
			"resolved": "https://registry.npmjs.org/os-shim/-/os-shim-0.1.3.tgz",
			"integrity": "sha512-jd0cvB8qQ5uVt0lvCIexBaROw1KyKm5sbulg2fWOHjETisuCzWyt+eTZKEMs8v6HwzoGs8xik26jg7eCM6pS+A==",
			"engines": {
				"node": ">= 0.4.0"
			}
		},
		"node_modules/parse-passwd": {
			"version": "1.0.0",
			"resolved": "https://registry.npmjs.org/parse-passwd/-/parse-passwd-1.0.0.tgz",
			"integrity": "sha512-1Y1A//QUXEZK7YKz+rD9WydcE1+EuPr6ZBgKecAB8tmoW6UFv0NREVJe1p+jRxtThkcbbKkfwIbWJe/IeE6m2Q==",
			"license": "MIT",
			"engines": {
				"node": ">=0.10.0"
			}
		},
		"node_modules/path-key": {
			"version": "3.1.1",
			"resolved": "https://registry.npmjs.org/path-key/-/path-key-3.1.1.tgz",
			"integrity": "sha512-ojmeN0qd+y0jszEtoY48r0Peq5dwMEkIlCOu6Q5f41lfkswXuKtYrhgoTpLnyIcHm24Uhqx+5Tqm2InSwLhE6Q==",
			"license": "MIT",
			"engines": {
				"node": ">=8"
			}
		},
		"node_modules/path-parse": {
			"version": "1.0.7",
			"resolved": "https://registry.npmjs.org/path-parse/-/path-parse-1.0.7.tgz",
			"integrity": "sha512-LDJzPVEEEPR+y48z93A0Ed0yXb8pAByGWo/k5YYdYgpY2/2EsOsksJrq7lOHxryrVOn1ejG6oAp8ahvOIQD8sw==",
			"license": "MIT"
		},
		"node_modules/path-string-prepend": {
			"version": "1.1.8",
			"resolved": "https://registry.npmjs.org/path-string-prepend/-/path-string-prepend-1.1.8.tgz",
			"integrity": "sha512-typ4uI34xINrnml3/ukkKqWj19epHmK7mFoxC10DuvKqWkQvx7P9R73uUvp7Q9JalkFZGYp4uFfiKKav8Nw5tg==",
			"license": "MIT",
			"engines": {
				"node": ">=0.8"
			}
		},
		"node_modules/pinkie": {
			"version": "2.0.4",
			"resolved": "https://registry.npmjs.org/pinkie/-/pinkie-2.0.4.tgz",
			"integrity": "sha512-MnUuEycAemtSaeFSjXKW/aroV7akBbY+Sv+RkyqFjgAe73F+MR0TBWKBRDkmfWq/HiFmdavfZ1G7h4SPZXaCSg==",
			"license": "MIT",
			"engines": {
				"node": ">=0.10.0"
			}
		},
		"node_modules/pinkie-promise": {
			"version": "2.0.1",
			"resolved": "https://registry.npmjs.org/pinkie-promise/-/pinkie-promise-2.0.1.tgz",
			"integrity": "sha512-0Gni6D4UcLTbv9c57DfxDGdr41XfgUjqWZu492f0cIGr16zDU06BWP/RAEvOuo7CQ0CNjHaLlM59YJJFm3NWlw==",
			"license": "MIT",
			"dependencies": {
				"pinkie": "^2.0.0"
			},
			"engines": {
				"node": ">=0.10.0"
			}
		},
		"node_modules/process-nextick-args": {
			"version": "2.0.1",
			"resolved": "https://registry.npmjs.org/process-nextick-args/-/process-nextick-args-2.0.1.tgz",
			"integrity": "sha512-3ouUOpQhtgrbOa17J7+uxOTpITYWaGP7/AhoR3+A+/1e9skrzelGi/dXzEYyvbxubEF6Wn2ypscTKiKJFFn1ag==",
			"license": "MIT"
		},
		"node_modules/progress-stream": {
			"version": "2.0.0",
			"resolved": "https://registry.npmjs.org/progress-stream/-/progress-stream-2.0.0.tgz",
			"integrity": "sha512-xJwOWR46jcXUq6EH9yYyqp+I52skPySOeHfkxOZ2IY1AiBi/sFJhbhAKHoV3OTw/omQ45KTio9215dRJ2Yxd3Q==",
			"license": "BSD-2-Clause",
			"dependencies": {
				"speedometer": "~1.0.0",
				"through2": "~2.0.3"
			}
		},
		"node_modules/pump": {
			"version": "3.0.3",
			"resolved": "https://registry.npmjs.org/pump/-/pump-3.0.3.tgz",
			"integrity": "sha512-todwxLMY7/heScKmntwQG8CXVkWUOdYxIvY2s0VWAAMh/nd8SoYiRaKjlr7+iCs984f2P8zvrfWcDDYVb73NfA==",
			"license": "MIT",
			"dependencies": {
				"end-of-stream": "^1.1.0",
				"once": "^1.3.1"
			}
		},
		"node_modules/queue-cb": {
			"version": "1.6.3",
			"resolved": "https://registry.npmjs.org/queue-cb/-/queue-cb-1.6.3.tgz",
			"integrity": "sha512-9x/U7XQ5wy/MbsgFL1wL0UCvSEjGQE5ScCDjqE89R9JUet+5ZS5fI3/0d7K7fcs+sg7T5QM2DCF39U3zJnyiPA==",
			"license": "MIT",
			"engines": {
				"node": ">=0.8"
			}
		},
		"node_modules/randombytes": {
			"version": "2.1.0",
			"resolved": "https://registry.npmjs.org/randombytes/-/randombytes-2.1.0.tgz",
			"integrity": "sha512-vYl3iOX+4CKUWuxGi9Ukhie6fsqXqS9FE2Zaic4tNFD2N2QQaXOMFbuKK4QmDHC0JO6B1Zp41J0LpT0oR68amQ==",
			"license": "MIT",
			"dependencies": {
				"safe-buffer": "^5.1.0"
			}
		},
		"node_modules/readable-stream": {
			"version": "2.3.8",
			"resolved": "https://registry.npmjs.org/readable-stream/-/readable-stream-2.3.8.tgz",
			"integrity": "sha512-8p0AUk4XODgIewSi0l8Epjs+EVnWiK7NoDIEGU0HhE7+ZyY8D1IMY7odu5lRrFXGg71L15KG8QrPmum45RTtdA==",
			"license": "MIT",
			"dependencies": {
				"core-util-is": "~1.0.0",
				"inherits": "~2.0.3",
				"isarray": "~1.0.0",
				"process-nextick-args": "~2.0.0",
				"safe-buffer": "~5.1.1",
				"string_decoder": "~1.1.1",
				"util-deprecate": "~1.0.1"
			}
		},
		"node_modules/readable-stream/node_modules/safe-buffer": {
			"version": "5.1.2",
			"resolved": "https://registry.npmjs.org/safe-buffer/-/safe-buffer-5.1.2.tgz",
			"integrity": "sha512-Gd2UZBJDkXlY7GbJxfsE8/nvKkUEU1G38c1siN6QP6a9PT9MmHB8GnpscSmMJSoF8LOIrt8ud/wPtojys4G6+g==",
			"license": "MIT"
		},
		"node_modules/resolve": {
			"version": "1.22.11",
			"resolved": "https://registry.npmjs.org/resolve/-/resolve-1.22.11.tgz",
			"integrity": "sha512-RfqAvLnMl313r7c9oclB1HhUEAezcpLjz95wFH4LVuhk9JF/r22qmVP9AMmOU4vMX7Q8pN8jwNg/CSpdFnMjTQ==",
			"license": "MIT",
			"dependencies": {
				"is-core-module": "^2.16.1",
				"path-parse": "^1.0.7",
				"supports-preserve-symlinks-flag": "^1.0.0"
			},
			"bin": {
				"resolve": "bin/resolve"
			},
			"engines": {
				"node": ">= 0.4"
			},
			"funding": {
				"url": "https://github.com/sponsors/ljharb"
			}
		},
		"node_modules/resolve-bin-sync": {
			"version": "1.0.12",
			"resolved": "https://registry.npmjs.org/resolve-bin-sync/-/resolve-bin-sync-1.0.12.tgz",
			"integrity": "sha512-yVlUwEcctOWUHda0YvNtrgDyoS3ItHfl0bfNqHp9BF35PQDjTopRf3Bvn19W1E9kQsoFE6MEORtkidBTbYeQ6w==",
			"license": "MIT",
			"dependencies": {
				"resolve": "^1.22.11"
			},
			"engines": {
				"node": ">=0.8"
			}
		},
		"node_modules/safe-buffer": {
			"version": "5.2.1",
			"resolved": "https://registry.npmjs.org/safe-buffer/-/safe-buffer-5.2.1.tgz",
			"integrity": "sha512-rp3So07KcdmmKbGvgaNxQSJr7bGVSVk5S9Eq1F+ppbRo70+YeaDxkw5Dd8NPN+GD6bjnYm2VuPuCXmpuYvmCXQ==",
			"funding": [
				{
					"type": "github",
					"url": "https://github.com/sponsors/feross"
				},
				{
					"type": "patreon",
					"url": "https://www.patreon.com/feross"
				},
				{
					"type": "consulting",
					"url": "https://feross.org/support"
				}
			],
			"license": "MIT"
		},
		"node_modules/semver": {
			"version": "5.7.2",
			"resolved": "https://registry.npmjs.org/semver/-/semver-5.7.2.tgz",
			"integrity": "sha512-cBznnQ9KjJqU67B52RMC65CMarK2600WFnbkcaiwWq3xy/5haFJlshgnpjovMVJ+Hff49d8GEn0b87C5pDQ10g==",
			"license": "ISC",
			"bin": {
				"semver": "bin/semver"
			}
		},
		"node_modules/shebang-command": {
			"version": "2.0.0",
			"resolved": "https://registry.npmjs.org/shebang-command/-/shebang-command-2.0.0.tgz",
			"integrity": "sha512-kHxr2zZpYtdmrN1qDjrrX/Z1rR1kG8Dx+gkpK1G4eXmvXswmcE1hTWBWYUzlraYw1/yZp6YuDY77YtvbN0dmDA==",
			"license": "MIT",
			"dependencies": {
				"shebang-regex": "^3.0.0"
			},
			"engines": {
				"node": ">=8"
			}
		},
		"node_modules/shebang-regex": {
			"version": "3.0.0",
			"resolved": "https://registry.npmjs.org/shebang-regex/-/shebang-regex-3.0.0.tgz",
			"integrity": "sha512-7++dFhtcx3353uBaq8DDR4NuxBetBzC7ZQOhmTQInHEd6bSrXdiEyzCvG07Z44UYdLShWUyXt5M/yhz8ekcb1A==",
			"license": "MIT",
			"engines": {
				"node": ">=8"
			}
		},
		"node_modules/short-hash": {
			"version": "1.0.0",
			"resolved": "https://registry.npmjs.org/short-hash/-/short-hash-1.0.0.tgz",
			"integrity": "sha512-qbUCD2Pkl4IXRyVqneEjGnUr0NGDGLzZnBUVGJngIQZf/FrhOL0yJhH+JQzak0t8xMmScIKpoX1SxOsPHdwa4w==",
			"license": "MIT",
			"dependencies": {
				"hash-string": "^1.0.0"
			}
		},
		"node_modules/spawn-streaming": {
			"version": "1.1.15",
			"resolved": "https://registry.npmjs.org/spawn-streaming/-/spawn-streaming-1.1.15.tgz",
			"integrity": "sha512-BJDTSeXJwEUEKr/T3U1/r0dWfzynGb8ngKroAiWkPWxh4/w0tIpacSAFuZjqpJ+7LW/1zvBZGJ3b0qAEPwelMw==",
			"license": "MIT",
			"dependencies": {
				"colors": "^1.4.0",
				"cross-spawn-cb": "^2.4.13",
				"on-one": "^1.0.10",
				"queue-cb": "^1.6.3",
				"readable-stream": "^2.3.8"
			},
			"engines": {
				"node": ">=0.8"
			}
		},
		"node_modules/spawn-term": {
			"version": "3.3.5",
			"resolved": "https://registry.npmjs.org/spawn-term/-/spawn-term-3.3.5.tgz",
			"integrity": "sha512-iydKJQs4uyF0KWwWJcqFRS3GV4cwH86MKIDhLD/ih0gkGT/BdzPq7tcI8lEp7ObgiwP59pVxl+WYHkJ4HpFUgA==",
			"license": "MIT",
			"dependencies": {
				"@xterm/headless": "^5.5.0",
				"cross-spawn-cb": "^2.4.14",
				"install-module-linked": "^1.3.15",
				"on-one": "^1.0.10",
				"queue-cb": "^1.6.3"
			},
			"engines": {
				"node": ">=0.8"
			}
		},
		"node_modules/speedometer": {
			"version": "1.0.0",
			"resolved": "https://registry.npmjs.org/speedometer/-/speedometer-1.0.0.tgz",
			"integrity": "sha512-lgxErLl/7A5+vgIIXsh9MbeukOaCb2axgQ+bKCdIE+ibNT4XNYGNCR1qFEGq6F+YDASXK3Fh/c5FgtZchFolxw==",
			"license": "MIT"
		},
		"node_modules/string_decoder": {
			"version": "1.1.1",
			"resolved": "https://registry.npmjs.org/string_decoder/-/string_decoder-1.1.1.tgz",
			"integrity": "sha512-n/ShnvDi6FHbbVfviro+WojiFzv+s8MPMHBczVePfUpDJLwoLT0ht1l4YwBCbi8pJAveEEdnkHyPyTP/mzRfwg==",
			"license": "MIT",
			"dependencies": {
				"safe-buffer": "~5.1.0"
			}
		},
		"node_modules/string_decoder/node_modules/safe-buffer": {
			"version": "5.1.2",
			"resolved": "https://registry.npmjs.org/safe-buffer/-/safe-buffer-5.1.2.tgz",
			"integrity": "sha512-Gd2UZBJDkXlY7GbJxfsE8/nvKkUEU1G38c1siN6QP6a9PT9MmHB8GnpscSmMJSoF8LOIrt8ud/wPtojys4G6+g==",
			"license": "MIT"
		},
		"node_modules/supports-preserve-symlinks-flag": {
			"version": "1.0.0",
			"resolved": "https://registry.npmjs.org/supports-preserve-symlinks-flag/-/supports-preserve-symlinks-flag-1.0.0.tgz",
			"integrity": "sha512-ot0WnXS9fgdkgIcePe6RHNk1WA8+muPa6cSjeR3V8K27q9BB1rTE3R1p7Hv0z1ZyAc8s6Vvv8DIyWf681MAt0w==",
			"license": "MIT",
			"engines": {
				"node": ">= 0.4"
			},
			"funding": {
				"url": "https://github.com/sponsors/ljharb"
			}
		},
		"node_modules/temp-suffix": {
			"version": "1.0.10",
			"resolved": "https://registry.npmjs.org/temp-suffix/-/temp-suffix-1.0.10.tgz",
			"integrity": "sha512-07MesCdrSsHgNDINYm3uc23O43XIqgdWX73gUswWsgYbEaBlLq1dLJVA2RlD9IznjppeXhMJh6vufBvQdbQvGQ==",
			"license": "MIT",
			"dependencies": {
				"imurmurhash": "^0.1.4"
			},
			"engines": {
				"node": ">=0.8"
			}
		},
		"node_modules/thread-sleep": {
			"version": "2.2.0",
			"resolved": "https://registry.npmjs.org/thread-sleep/-/thread-sleep-2.2.0.tgz",
			"integrity": "sha512-C3zZbh9fL7c/+N8mFZ82+uK+dj0q6bSUORwhSe4icwd0xERndhB+ldw4JdejGC3Cbn1DRXlLJ/w859CQdvYV9w==",
			"license": "MIT",
			"engines": {
				"node": ">=0.11.12"
			}
		},
		"node_modules/thread-sleep-compat": {
			"version": "1.1.5",
			"resolved": "https://registry.npmjs.org/thread-sleep-compat/-/thread-sleep-compat-1.1.5.tgz",
			"integrity": "sha512-q3g/RYiZ0QGyVapt22WYcI/z7TADrBu+IOeXL7iZcjjf2/lxfRD1mV/2kve7dCMb8H61jtMRflcvR1gdib0tMA==",
			"hasInstallScript": true,
			"license": "MIT",
			"dependencies": {
				"exit-compat": "^1.0.3",
				"mkdirp-classic": "^0.5.3",
				"thread-sleep": "^2.2.0"
			},
			"engines": {
				"node": ">=0.8"
			}
		},
		"node_modules/through2": {
			"version": "2.0.5",
			"resolved": "https://registry.npmjs.org/through2/-/through2-2.0.5.tgz",
			"integrity": "sha512-/mrRod8xqpA+IHSLyGCQ2s8SPHiCDEeQJSep1jqLYeEUClOFG2Qsh+4FU6G9VeqpZnGW/Su8LQGc4YKni5rYSQ==",
			"license": "MIT",
			"dependencies": {
				"readable-stream": "~2.3.6",
				"xtend": "~4.0.1"
			}
		},
		"node_modules/util-deprecate": {
			"version": "1.0.2",
			"resolved": "https://registry.npmjs.org/util-deprecate/-/util-deprecate-1.0.2.tgz",
			"integrity": "sha512-EPD5q1uXyFxJpCrLnCc1nHnq3gOa6DZBocAIiI2TaSCA7VCJ1UJDMagCzIkXNsUYfD1daK//LTEQ8xiIbrHtcw==",
			"license": "MIT"
		},
		"node_modules/which": {
			"version": "2.0.2",
			"resolved": "https://registry.npmjs.org/which/-/which-2.0.2.tgz",
			"integrity": "sha512-BLI3Tl1TW3Pvl70l3yq3Y64i+awpwXqsGBYWkkqMtnbXgrMD+yj7rhW0kuEDxzJaYXGjEW5ogapKNMEKNMjibA==",
			"license": "ISC",
			"dependencies": {
				"isexe": "^2.0.0"
			},
			"bin": {
				"node-which": "bin/node-which"
			},
			"engines": {
				"node": ">= 8"
			}
		},
		"node_modules/wrappy": {
			"version": "1.0.2",
			"resolved": "https://registry.npmjs.org/wrappy/-/wrappy-1.0.2.tgz",
			"integrity": "sha512-l4Sp/DRseor9wL6EvV2+TuQn63dMkPjZ/sp9XkghTEbV9KlPS1xUsZ3u7/IQO4wxtcFB4bgpQPRcR3QCvezPcQ==",
			"license": "ISC"
		},
		"node_modules/xtend": {
			"version": "4.0.2",
			"resolved": "https://registry.npmjs.org/xtend/-/xtend-4.0.2.tgz",
			"integrity": "sha512-LKYU1iAXJXUgAXn9URjiu+MWhyUXHsvfp7mcuYm9dSUKK0/CjtrUwFAxD82/mCWbtLsGjFIad0wIsod4zrTAEQ==",
			"license": "MIT",
			"engines": {
				"node": ">=0.4"
			}
		}
	}
}
