{
	"name": "nvs",
	"version": "1.1.20",
	"lockfileVersion": 3,
	"requires": true,
	"packages": {
		"": {
			"name": "nvs",
			"version": "1.1.20",
			"license": "MIT",
			"dependencies": {
				"node-version-use": "*"
			},
			"bin": {
				"nvs": "bin/cli.cjs"
			},
			"engines": {
				"node": ">=0.8"
			}
		},
		"node_modules/async-compat": {
			"version": "1.7.7",
			"resolved": "https://registry.npmjs.org/async-compat/-/async-compat-1.7.7.tgz",
			"integrity": "sha512-orzQYbd87jPZp2A5qb8O5gIxbRu/c93R4r3bnqaWJWMQsaHL8xDMKL2OwUN4ikyRfFGUpxNLtKhhU6uUTaLTZw==",
			"license": "MIT",
			"dependencies": {
				"is-error": "*",
				"is-promise": "*"
			},
			"engines": {
				"node": ">=0.8"
			}
		},
		"node_modules/call-once-fn": {
			"version": "1.1.8",
			"resolved": "https://registry.npmjs.org/call-once-fn/-/call-once-fn-1.1.8.tgz",
			"integrity": "sha512-Lgao23LVrfgJaa7NIg8T7o/y72hBPyLxtd98zD97fFt77o+b6wna+KrVmnStV2GIcO3+pLyCM4hfp+Acz5Fx8A==",
			"license": "MIT",
			"engines": {
				"node": ">=0.8"
			}
		},
		"node_modules/colors": {
			"version": "1.4.0",
			"resolved": "https://registry.npmjs.org/colors/-/colors-1.4.0.tgz",
			"integrity": "sha512-a+UqTh4kgZg/SlGvfbzDHpgRu7AAQOmmqRHJnxhRZICKFUT91brVhNNt58CMWU9PsBbv3PDCZUHbVxuDiH2mtA==",
			"license": "MIT",
			"engines": {
				"node": ">=0.1.90"
			}
		},
		"node_modules/content-disposition": {
			"version": "1.0.1",
			"resolved": "https://registry.npmjs.org/content-disposition/-/content-disposition-1.0.1.tgz",
			"integrity": "sha512-oIXISMynqSqm241k6kcQ5UwttDILMK4BiurCfGEREw6+X9jkkpEe5T9FZaApyLGGOnFuyMWZpdolTXMtvEJ08Q==",
			"license": "MIT",
			"engines": {
				"node": ">=18"
			},
			"funding": {
				"type": "opencollective",
				"url": "https://opencollective.com/express"
			}
		},
		"node_modules/core-util-is": {
			"version": "1.0.3",
			"resolved": "https://registry.npmjs.org/core-util-is/-/core-util-is-1.0.3.tgz",
			"integrity": "sha512-ZQBvi1DcpJ4GDqanjucZ2Hj3wEO5pZDS89BWbkcrvdxksJorwUDDZamX9ldFkp9aw2lmBDLgkObEA4DWNJ9FYQ==",
			"license": "MIT"
		},
		"node_modules/cross-spawn": {
			"version": "7.0.6",
			"resolved": "https://registry.npmjs.org/cross-spawn/-/cross-spawn-7.0.6.tgz",
			"integrity": "sha512-uV2QOWP2nWzsy2aMp8aRibhi9dlzF5Hgh5SHaB9OiTGEyDTiJJyx0uy51QXdyWbtAHNua4XJzUKca3OzKUd3vA==",
			"license": "MIT",
			"dependencies": {
				"path-key": "^3.1.0",
				"shebang-command": "^2.0.0",
				"which": "^2.0.1"
			},
			"engines": {
				"node": ">= 8"
			}
		},
		"node_modules/cross-spawn-cb": {
			"version": "2.4.10",
			"resolved": "https://registry.npmjs.org/cross-spawn-cb/-/cross-spawn-cb-2.4.10.tgz",
			"integrity": "sha512-9pEhtfbVqTaqxWKqfpJ75y7bMioJnk4T/6vP0zSiIEUM4TMYDy9IWmdyELaE/VXAV4IBZFw46WYbIm5y4udPkw==",
			"license": "MIT",
			"dependencies": {
				"cross-spawn": "*",
				"function-exec-sync": "*",
				"on-one": "*"
			},
			"engines": {
				"node": ">=0.8"
			}
		},
		"node_modules/end-of-stream": {
			"version": "1.4.5",
			"resolved": "https://registry.npmjs.org/end-of-stream/-/end-of-stream-1.4.5.tgz",
			"integrity": "sha512-ooEGc6HP26xXq/N+GCGOT0JKCLDGrq2bQUZrQ7gyrJiZANJ/8YDTxTpQBXGMn+WbIQXNVpyWymm7KYVICQnyOg==",
			"license": "MIT",
			"dependencies": {
				"once": "^1.4.0"
			}
		},
		"node_modules/env-path-key": {
			"version": "1.1.6",
			"resolved": "https://registry.npmjs.org/env-path-key/-/env-path-key-1.1.6.tgz",
			"integrity": "sha512-soKnLpEU3n2htNow1MYkzC6xKWqNAX9BLKrZDLBw0GuSIGqii/7X1/wy7+8oiQxsSRRP3rxKQsenHIInZvYOKA==",
			"license": "MIT",
			"engines": {
				"node": ">=0.8"
			}
		},
		"node_modules/exit": {
			"version": "0.1.2",
			"resolved": "https://registry.npmjs.org/exit/-/exit-0.1.2.tgz",
			"integrity": "sha512-Zk/eNKV2zbjpKzrsQ+n1G6poVbErQxJ0LBOJXaKZ1EViLzH+hrLu9cdXI4zw9dBQJslwBEpbQ2P1oS7nDxs6jQ==",
			"engines": {
				"node": ">= 0.8.0"
			}
		},
		"node_modules/fetch-json-cache": {
			"version": "1.3.10",
			"resolved": "https://registry.npmjs.org/fetch-json-cache/-/fetch-json-cache-1.3.10.tgz",
			"integrity": "sha512-kspsTHvE7j/bYX2D07yKWwGfQ55qJ0e6HMlEbJdrd0/e2G5v2+Y4YJf6WU79FP43Ye07FTBrv/CAkIFz5E73sw==",
			"license": "MIT",
			"dependencies": {
				"get-remote": "*",
				"mkdirp-classic": "*",
				"queue-cb": "*",
				"rimraf2": "*",
				"temp-suffix": "*"
			},
			"engines": {
				"node": ">=0.8"
			}
		},
		"node_modules/function-bind": {
			"version": "1.1.2",
			"resolved": "https://registry.npmjs.org/function-bind/-/function-bind-1.1.2.tgz",
			"integrity": "sha512-7XHNxH7qX9xG5mIwxkhumTox/MIRNcOgDrxWsMt2pAr23WHp6MrRlN7FBSFpCpr+oVO0F744iUgR82nJMfG2SA==",
			"license": "MIT",
			"funding": {
				"url": "https://github.com/sponsors/ljharb"
			}
		},
		"node_modules/function-exec-sync": {
			"version": "1.4.14",
			"resolved": "https://registry.npmjs.org/function-exec-sync/-/function-exec-sync-1.4.14.tgz",
			"integrity": "sha512-u/tBJmFnGselk56nIMADJXvTqGBa7Anw1+UhbBO9p25zVbjl7UMHM8T7IR+J8Bl9w/Wrxiph7x9YSs5eamtOqg==",
			"license": "MIT",
			"dependencies": {
				"async-compat": "*",
				"mkdirp-classic": "*",
				"os-shim": "*",
				"randombytes": "*",
				"short-hash": "*",
				"temp-suffix": "*",
				"thread-sleep-compat": "*"
			},
			"engines": {
				"node": ">=0.8"
			}
		},
		"node_modules/get-remote": {
			"version": "2.2.6",
			"resolved": "https://registry.npmjs.org/get-remote/-/get-remote-2.2.6.tgz",
			"integrity": "sha512-zS+s7vNH/Mluo0kR4Crfm7j/yQhthVvf4frxikIRHiqrYjvjbAVZiNVKBkjXNoXUIfJayPCppu6i++kyzhO0mw==",
			"license": "MIT",
			"dependencies": {
				"call-once-fn": "*",
				"content-disposition": "*",
				"function-exec-sync": "*",
				"mkdirp-classic": "*",
				"node-exec-path": "*",
				"on-one": "*",
				"os-shim": "*",
				"progress-stream": "*",
				"pump": "*",
				"readable-stream": "^2.3.7",
				"require_optional": "*",
				"rimraf2": "*",
				"temp-suffix": "*"
			},
			"engines": {
				"node": ">=0.8"
			}
		},
		"node_modules/getopts-compat": {
			"version": "2.2.6",
			"resolved": "https://registry.npmjs.org/getopts-compat/-/getopts-compat-2.2.6.tgz",
			"integrity": "sha512-7/eVVvGx2cr6Pz0j0CJZFqdHg8UCE3rryZs7BkhaIc7NDecaCTzTWCjAsxOQv58uShF192y4Da7xRT44F3jAsQ==",
			"license": "MIT"
		},
		"node_modules/hash-string": {
			"version": "1.0.0",
			"resolved": "https://registry.npmjs.org/hash-string/-/hash-string-1.0.0.tgz",
			"integrity": "sha512-dtNNyxXobzHavayZwOwRWhBTqS9GX4jDjIMsGc0fDyaN2A+4zMn5Ua9ODDCggN6w3Spma6mAHL3ImmW3BkWDmQ==",
			"license": "ISC"
		},
		"node_modules/hasown": {
			"version": "2.0.2",
			"resolved": "https://registry.npmjs.org/hasown/-/hasown-2.0.2.tgz",
			"integrity": "sha512-0hJU9SCPvmMzIBdZFqNPXWa6dqh7WdH0cII9y+CyS8rG3nL48Bclra9HmKhVVUHyPWNH5Y7xDwAB7bfgSjkUMQ==",
			"license": "MIT",
			"dependencies": {
				"function-bind": "^1.1.2"
			},
			"engines": {
				"node": ">= 0.4"
			}
		},
		"node_modules/homedir-polyfill": {
			"version": "1.0.3",
			"resolved": "https://registry.npmjs.org/homedir-polyfill/-/homedir-polyfill-1.0.3.tgz",
			"integrity": "sha512-eSmmWE5bZTK2Nou4g0AI3zZ9rswp7GRKoKXS1BLUkvPviOqs4YTN1djQIqrXy9k5gEtdLPy86JjRwsNM9tnDcA==",
			"license": "MIT",
			"dependencies": {
				"parse-passwd": "^1.0.0"
			},
			"engines": {
				"node": ">=0.10.0"
			}
		},
		"node_modules/imurmurhash": {
			"version": "0.1.4",
			"resolved": "https://registry.npmjs.org/imurmurhash/-/imurmurhash-0.1.4.tgz",
			"integrity": "sha512-JmXMZ6wuvDmLiHEml9ykzqO6lwFbof0GG4IkcGaENdCRDDmMVnny7s5HsIgHCbaq0w2MyPhDqkhTUgS2LU2PHA==",
			"license": "MIT",
			"engines": {
				"node": ">=0.8.19"
			}
		},
		"node_modules/inherits": {
			"version": "2.0.4",
			"resolved": "https://registry.npmjs.org/inherits/-/inherits-2.0.4.tgz",
			"integrity": "sha512-k/vGaX4/Yla3WzyMCvTQOXYeIHvqOKtnqBduzTHpzpQZzAskKMhZ2K+EnBiSM9zGSoIFeMpXKxa4dYeZIQqewQ==",
			"license": "ISC"
		},
		"node_modules/install-module-linked": {
			"version": "1.3.8",
			"resolved": "https://registry.npmjs.org/install-module-linked/-/install-module-linked-1.3.8.tgz",
			"integrity": "sha512-gmvvKfJzUtJWJIIGvuZcyhS9C2j0QnS2JvANuQ/2DQzlP2xlQG1rMDbqpSbmVB1PmsSx4IBoeB2uQFRCPCliDQ==",
			"license": "MIT",
			"dependencies": {
				"cross-spawn-cb": "*",
				"exit": "*",
				"function-exec-sync": "*",
				"get-remote": "*",
				"getopts-compat": "*",
				"homedir-polyfill": "*",
				"mkdirp-classic": "*",
				"node-exec-path": "*",
				"node-version-utils": "*",
				"queue-cb": "*",
				"rimraf2": "*",
				"temp-suffix": "*"
			},
			"bin": {
				"iml": "bin/cli.js"
			},
			"engines": {
				"node": ">=0.8"
			}
		},
		"node_modules/is-core-module": {
			"version": "2.16.1",
			"resolved": "https://registry.npmjs.org/is-core-module/-/is-core-module-2.16.1.tgz",
			"integrity": "sha512-UfoeMA6fIJ8wTYFEUjelnaGI67v6+N7qXJEvQuIGa99l4xsCruSYOVSQ0uPANn4dAzm8lkYPaKLrrijLq7x23w==",
			"license": "MIT",
			"dependencies": {
				"hasown": "^2.0.2"
			},
			"engines": {
				"node": ">= 0.4"
			},
			"funding": {
				"url": "https://github.com/sponsors/ljharb"
			}
		},
		"node_modules/is-error": {
			"version": "2.2.2",
			"resolved": "https://registry.npmjs.org/is-error/-/is-error-2.2.2.tgz",
			"integrity": "sha512-IOQqts/aHWbiisY5DuPJQ0gcbvaLFCa7fBa9xoLfxBZvQ+ZI/Zh9xoI7Gk+G64N0FdK4AbibytHht2tWgpJWLg==",
			"license": "MIT"
		},
		"node_modules/is-promise": {
			"version": "4.0.0",
			"resolved": "https://registry.npmjs.org/is-promise/-/is-promise-4.0.0.tgz",
			"integrity": "sha512-hvpoI6korhJMnej285dSg6nu1+e6uxs7zG3BYAm5byqDsgJNWwxzM6z6iZiAgQR4TJ30JmBTOwqZUw3WlyH3AQ==",
			"license": "MIT"
		},
		"node_modules/isarray": {
			"version": "1.0.0",
			"resolved": "https://registry.npmjs.org/isarray/-/isarray-1.0.0.tgz",
			"integrity": "sha512-VLghIWNM6ELQzo7zwmcg0NmTVyWKYjvIeM83yjp0wRDTmUnrM678fQbcKBo6n2CJEF0szoG//ytg+TKla89ALQ==",
			"license": "MIT"
		},
		"node_modules/isexe": {
			"version": "2.0.0",
			"resolved": "https://registry.npmjs.org/isexe/-/isexe-2.0.0.tgz",
			"integrity": "sha512-RHxMLp9lnKHGHRng9QFhRCMbYAcVpn69smSGcq3f36xjgVVWThj4qqLbTLlq7Ssj8B+fIQ1EuCEGI2lKsyQeIw==",
			"license": "ISC"
		},
		"node_modules/lodash.uniq": {
			"version": "4.5.0",
			"resolved": "https://registry.npmjs.org/lodash.uniq/-/lodash.uniq-4.5.0.tgz",
			"integrity": "sha512-xfBaXQd9ryd9dlSDvnvI0lvxfLJlYAZzXomUYzLKtUeOQvOP5piqAWuGtrhWeqaXK9hhoM/iyJc5AV+XfsX3HQ==",
			"license": "MIT"
		},
		"node_modules/mkdirp-classic": {
			"version": "0.5.3",
			"resolved": "https://registry.npmjs.org/mkdirp-classic/-/mkdirp-classic-0.5.3.tgz",
			"integrity": "sha512-gKLcREMhtuZRwRAfqP3RFW+TK4JqApVBtOIftVgjuABpAtpxhPGaDcfvbhNvD0B8iD1oUr/txX35NjcaY6Ns/A==",
			"license": "MIT"
		},
		"node_modules/nan": {
			"version": "2.24.0",
			"resolved": "https://registry.npmjs.org/nan/-/nan-2.24.0.tgz",
			"integrity": "sha512-Vpf9qnVW1RaDkoNKFUvfxqAbtI8ncb8OJlqZ9wwpXzWPEsvsB1nvdUi6oYrHIkQ1Y/tMDnr1h4nczS0VB9Xykg==",
			"license": "MIT"
		},
		"node_modules/node-abi": {
			"version": "2.30.1",
			"resolved": "https://registry.npmjs.org/node-abi/-/node-abi-2.30.1.tgz",
			"integrity": "sha512-/2D0wOQPgaUWzVSVgRMx+trKJRC2UG4SUc4oCJoXx9Uxjtp0Vy3/kt7zcbxHF8+Z/pK3UloLWzBISg72brfy1w==",
			"license": "MIT",
			"dependencies": {
				"semver": "^5.4.1"
			}
		},
		"node_modules/node-exec-path": {
			"version": "1.1.15",
			"resolved": "https://registry.npmjs.org/node-exec-path/-/node-exec-path-1.1.15.tgz",
			"integrity": "sha512-wd++i66BbBS6urMDyOHYpi0dsEaVyWc60JYQa9ssVwZyhNPaLi2gtiAVD0sTKAeZqzJz8nUdNhHuieZIDhHZLA==",
			"license": "MIT",
			"dependencies": {
				"env-path-key": "*",
				"function-exec-sync": "*",
				"semver": "^5.7.1"
			},
			"engines": {
				"node": ">=0.8"
			}
		},
		"node_modules/node-resolve-versions": {
			"version": "1.3.11",
			"resolved": "https://registry.npmjs.org/node-resolve-versions/-/node-resolve-versions-1.3.11.tgz",
			"integrity": "sha512-xhSlIncFw/ARiBOEOEdIe6nV9huST4e+vi0yJcYsDNmHrQDCk0B1L0pOjizuohHvuOaXsg7QLyCUdcsrjP0rng==",
			"license": "MIT",
			"dependencies": {
				"lodash.uniq": "*",
				"node-semvers": "*",
				"semver": "^5.7.1"
			},
			"engines": {
				"node": ">=0.8"
			}
		},
		"node_modules/node-semvers": {
			"version": "1.5.10",
			"resolved": "https://registry.npmjs.org/node-semvers/-/node-semvers-1.5.10.tgz",
			"integrity": "sha512-A0AHz5oXSdKyWC1bB94tzNt0ZWpBtEadpPdRfLbYqIHKTHiTjKdPiSTM7cr3YwQrvJz5nxTHZsghr7GC6zD12g==",
			"hasInstallScript": true,
			"license": "MIT",
			"dependencies": {
				"exit": "*",
				"fetch-json-cache": "*",
				"getopts-compat": "*",
				"semver": "^5.7.1"
			},
			"bin": {
				"nsv": "bin/cli.cjs"
			},
			"engines": {
				"node": ">=0.8"
			}
		},
		"node_modules/node-version-use": {
			"version": "1.9.5",
			"resolved": "https://registry.npmjs.org/node-version-use/-/node-version-use-1.9.5.tgz",
			"integrity": "sha512-lYQ8HqS0FHD0rEus/Vgg05yCKlse4/En9AiSnTFgZYBKNNuNaZzrK8NYJDa0mrNH4p/rzyBl4Yex9SyvEEgj1w==",
			"license": "MIT",
			"dependencies": {
				"cross-spawn-cb": "*",
				"exit": "*",
				"getopts-compat": "*",
				"homedir-polyfill": "*",
				"install-module-linked": "*",
				"node-resolve-versions": "*",
				"node-version-utils": "*",
				"queue-cb": "*",
				"resolve-bin-sync": "^1.0.10",
				"spawn-streaming": "*"
			},
			"bin": {
				"nvu": "bin/cli.js"
			},
			"engines": {
				"node": ">=0.8"
			}
		},
		"node_modules/node-version-utils": {
			"version": "1.3.11",
			"resolved": "https://registry.npmjs.org/node-version-utils/-/node-version-utils-1.3.11.tgz",
			"integrity": "sha512-LT6yDnFy+8shao8IJs4r7BmoBe4Q8pMGTmKpF632Ieph37MCuKoBVz6qi13co3X5ce7sYt1DdZEcjQQCH912/w==",
			"license": "MIT",
			"dependencies": {
				"env-path-key": "*",
				"path-string-prepend": "*"
			},
			"engines": {
				"node": ">=0.8"
			}
		},
		"node_modules/on-one": {
			"version": "1.0.8",
			"resolved": "https://registry.npmjs.org/on-one/-/on-one-1.0.8.tgz",
			"integrity": "sha512-hi/SwxkqzAW/47q2eVg5IwAvyQQlF1XB6iHq1AndKuiUTttzNzocEX+wXFx8ZPmNQQ4uB/97lAkBFTmWFC96hg==",
			"license": "MIT",
			"engines": {
				"node": ">=0.8"
			}
		},
		"node_modules/once": {
			"version": "1.4.0",
			"resolved": "https://registry.npmjs.org/once/-/once-1.4.0.tgz",
			"integrity": "sha512-lNaJgI+2Q5URQBkccEKHTQOPaXdUxnZZElQTZY0MFUAuaEqe1E+Nyvgdz/aIyNi6Z9MzO5dv1H8n58/GELp3+w==",
			"license": "ISC",
			"dependencies": {
				"wrappy": "1"
			}
		},
		"node_modules/os-shim": {
			"version": "0.1.3",
			"resolved": "https://registry.npmjs.org/os-shim/-/os-shim-0.1.3.tgz",
			"integrity": "sha512-jd0cvB8qQ5uVt0lvCIexBaROw1KyKm5sbulg2fWOHjETisuCzWyt+eTZKEMs8v6HwzoGs8xik26jg7eCM6pS+A==",
			"engines": {
				"node": ">= 0.4.0"
			}
		},
		"node_modules/parse-passwd": {
			"version": "1.0.0",
			"resolved": "https://registry.npmjs.org/parse-passwd/-/parse-passwd-1.0.0.tgz",
			"integrity": "sha512-1Y1A//QUXEZK7YKz+rD9WydcE1+EuPr6ZBgKecAB8tmoW6UFv0NREVJe1p+jRxtThkcbbKkfwIbWJe/IeE6m2Q==",
			"license": "MIT",
			"engines": {
				"node": ">=0.10.0"
			}
		},
		"node_modules/path-key": {
			"version": "3.1.1",
			"resolved": "https://registry.npmjs.org/path-key/-/path-key-3.1.1.tgz",
			"integrity": "sha512-ojmeN0qd+y0jszEtoY48r0Peq5dwMEkIlCOu6Q5f41lfkswXuKtYrhgoTpLnyIcHm24Uhqx+5Tqm2InSwLhE6Q==",
			"license": "MIT",
			"engines": {
				"node": ">=8"
			}
		},
		"node_modules/path-parse": {
			"version": "1.0.7",
			"resolved": "https://registry.npmjs.org/path-parse/-/path-parse-1.0.7.tgz",
			"integrity": "sha512-LDJzPVEEEPR+y48z93A0Ed0yXb8pAByGWo/k5YYdYgpY2/2EsOsksJrq7lOHxryrVOn1ejG6oAp8ahvOIQD8sw==",
			"license": "MIT"
		},
		"node_modules/path-string-prepend": {
			"version": "1.1.6",
			"resolved": "https://registry.npmjs.org/path-string-prepend/-/path-string-prepend-1.1.6.tgz",
			"integrity": "sha512-6Q5o8J2FotK8P/I6iocKgCBwg/t3IdtdBBGcDbiPSHikgPHYDadImKf2MZODAFmyiS4QpxZXO3uSvdpp78DXqQ==",
			"license": "MIT",
			"engines": {
				"node": ">=0.8"
			}
		},
		"node_modules/process-nextick-args": {
			"version": "2.0.1",
			"resolved": "https://registry.npmjs.org/process-nextick-args/-/process-nextick-args-2.0.1.tgz",
			"integrity": "sha512-3ouUOpQhtgrbOa17J7+uxOTpITYWaGP7/AhoR3+A+/1e9skrzelGi/dXzEYyvbxubEF6Wn2ypscTKiKJFFn1ag==",
			"license": "MIT"
		},
		"node_modules/progress-stream": {
			"version": "2.0.0",
			"resolved": "https://registry.npmjs.org/progress-stream/-/progress-stream-2.0.0.tgz",
			"integrity": "sha512-xJwOWR46jcXUq6EH9yYyqp+I52skPySOeHfkxOZ2IY1AiBi/sFJhbhAKHoV3OTw/omQ45KTio9215dRJ2Yxd3Q==",
			"license": "BSD-2-Clause",
			"dependencies": {
				"speedometer": "~1.0.0",
				"through2": "~2.0.3"
			}
		},
		"node_modules/pump": {
			"version": "3.0.3",
			"resolved": "https://registry.npmjs.org/pump/-/pump-3.0.3.tgz",
			"integrity": "sha512-todwxLMY7/heScKmntwQG8CXVkWUOdYxIvY2s0VWAAMh/nd8SoYiRaKjlr7+iCs984f2P8zvrfWcDDYVb73NfA==",
			"license": "MIT",
			"dependencies": {
				"end-of-stream": "^1.1.0",
				"once": "^1.3.1"
			}
		},
		"node_modules/queue-cb": {
			"version": "1.5.11",
			"resolved": "https://registry.npmjs.org/queue-cb/-/queue-cb-1.5.11.tgz",
			"integrity": "sha512-I2N67zioynsRmj1Pg+b7Mwv06QMTKCDI0Fi2z8pXFlWZ/ilFjzSFDlL7MHmoS68rUoH3znIGB7AitjbUFleMnA==",
			"license": "MIT",
			"engines": {
				"node": ">=0.8"
			}
		},
		"node_modules/randombytes": {
			"version": "2.1.0",
			"resolved": "https://registry.npmjs.org/randombytes/-/randombytes-2.1.0.tgz",
			"integrity": "sha512-vYl3iOX+4CKUWuxGi9Ukhie6fsqXqS9FE2Zaic4tNFD2N2QQaXOMFbuKK4QmDHC0JO6B1Zp41J0LpT0oR68amQ==",
			"license": "MIT",
			"dependencies": {
				"safe-buffer": "^5.1.0"
			}
		},
		"node_modules/readable-stream": {
			"version": "2.3.8",
			"resolved": "https://registry.npmjs.org/readable-stream/-/readable-stream-2.3.8.tgz",
			"integrity": "sha512-8p0AUk4XODgIewSi0l8Epjs+EVnWiK7NoDIEGU0HhE7+ZyY8D1IMY7odu5lRrFXGg71L15KG8QrPmum45RTtdA==",
			"license": "MIT",
			"dependencies": {
				"core-util-is": "~1.0.0",
				"inherits": "~2.0.3",
				"isarray": "~1.0.0",
				"process-nextick-args": "~2.0.0",
				"safe-buffer": "~5.1.1",
				"string_decoder": "~1.1.1",
				"util-deprecate": "~1.0.1"
			}
		},
		"node_modules/readable-stream/node_modules/safe-buffer": {
			"version": "5.1.2",
			"resolved": "https://registry.npmjs.org/safe-buffer/-/safe-buffer-5.1.2.tgz",
			"integrity": "sha512-Gd2UZBJDkXlY7GbJxfsE8/nvKkUEU1G38c1siN6QP6a9PT9MmHB8GnpscSmMJSoF8LOIrt8ud/wPtojys4G6+g==",
			"license": "MIT"
		},
		"node_modules/require_optional": {
			"version": "1.0.1",
			"resolved": "https://registry.npmjs.org/require_optional/-/require_optional-1.0.1.tgz",
			"integrity": "sha512-qhM/y57enGWHAe3v/NcwML6a3/vfESLe/sGM2dII+gEO0BpKRUkWZow/tyloNqJyN6kXSl3RyyM8Ll5D/sJP8g==",
			"license": "Apache-2.0",
			"dependencies": {
				"resolve-from": "^2.0.0",
				"semver": "^5.1.0"
			}
		},
		"node_modules/resolve": {
			"version": "1.22.11",
			"resolved": "https://registry.npmjs.org/resolve/-/resolve-1.22.11.tgz",
			"integrity": "sha512-RfqAvLnMl313r7c9oclB1HhUEAezcpLjz95wFH4LVuhk9JF/r22qmVP9AMmOU4vMX7Q8pN8jwNg/CSpdFnMjTQ==",
			"license": "MIT",
			"dependencies": {
				"is-core-module": "^2.16.1",
				"path-parse": "^1.0.7",
				"supports-preserve-symlinks-flag": "^1.0.0"
			},
			"bin": {
				"resolve": "bin/resolve"
			},
			"engines": {
				"node": ">= 0.4"
			},
			"funding": {
				"url": "https://github.com/sponsors/ljharb"
			}
		},
		"node_modules/resolve-bin-sync": {
			"version": "1.0.10",
			"resolved": "https://registry.npmjs.org/resolve-bin-sync/-/resolve-bin-sync-1.0.10.tgz",
			"integrity": "sha512-86ZOqBF6XvguGXKu6rBn6oxqqs9UqXeie4oLiDFGdhApxXogOqI+qCx64Sq/hlqODlzBO6CpiNYRtSXkRHgTSA==",
			"license": "MIT",
			"dependencies": {
				"resolve": "*"
			},
			"engines": {
				"node": ">=0.8"
			}
		},
		"node_modules/resolve-from": {
			"version": "2.0.0",
			"resolved": "https://registry.npmjs.org/resolve-from/-/resolve-from-2.0.0.tgz",
			"integrity": "sha512-qpFcKaXsq8+oRoLilkwyc7zHGF5i9Q2/25NIgLQQ/+VVv9rU4qvr6nXVAw1DsnXJyQkZsR4Ytfbtg5ehfcUssQ==",
			"license": "MIT",
			"engines": {
				"node": ">=0.10.0"
			}
		},
		"node_modules/rimraf2": {
			"version": "2.8.2",
			"resolved": "https://registry.npmjs.org/rimraf2/-/rimraf2-2.8.2.tgz",
			"integrity": "sha512-Bz7P3Zu6lEpek5LduIqg5A2mRu8kCllR+rGYofqq9bRRiHC9m+Py/EiINPt9iu/XOqQ//Q++XSka7EwL3K3Chw==",
			"license": "ISC",
			"bin": {
				"rimraf2": "bin.js"
			},
			"peerDependencies": {
				"glob": "*"
			},
			"peerDependenciesMeta": {
				"glob": {
					"optional": true
				}
			}
		},
		"node_modules/safe-buffer": {
			"version": "5.2.1",
			"resolved": "https://registry.npmjs.org/safe-buffer/-/safe-buffer-5.2.1.tgz",
			"integrity": "sha512-rp3So07KcdmmKbGvgaNxQSJr7bGVSVk5S9Eq1F+ppbRo70+YeaDxkw5Dd8NPN+GD6bjnYm2VuPuCXmpuYvmCXQ==",
			"funding": [
				{
					"type": "github",
					"url": "https://github.com/sponsors/feross"
				},
				{
					"type": "patreon",
					"url": "https://www.patreon.com/feross"
				},
				{
					"type": "consulting",
					"url": "https://feross.org/support"
				}
			],
			"license": "MIT"
		},
		"node_modules/semver": {
			"version": "5.7.2",
			"resolved": "https://registry.npmjs.org/semver/-/semver-5.7.2.tgz",
			"integrity": "sha512-cBznnQ9KjJqU67B52RMC65CMarK2600WFnbkcaiwWq3xy/5haFJlshgnpjovMVJ+Hff49d8GEn0b87C5pDQ10g==",
			"license": "ISC",
			"bin": {
				"semver": "bin/semver"
			}
		},
		"node_modules/shebang-command": {
			"version": "2.0.0",
			"resolved": "https://registry.npmjs.org/shebang-command/-/shebang-command-2.0.0.tgz",
			"integrity": "sha512-kHxr2zZpYtdmrN1qDjrrX/Z1rR1kG8Dx+gkpK1G4eXmvXswmcE1hTWBWYUzlraYw1/yZp6YuDY77YtvbN0dmDA==",
			"license": "MIT",
			"dependencies": {
				"shebang-regex": "^3.0.0"
			},
			"engines": {
				"node": ">=8"
			}
		},
		"node_modules/shebang-regex": {
			"version": "3.0.0",
			"resolved": "https://registry.npmjs.org/shebang-regex/-/shebang-regex-3.0.0.tgz",
			"integrity": "sha512-7++dFhtcx3353uBaq8DDR4NuxBetBzC7ZQOhmTQInHEd6bSrXdiEyzCvG07Z44UYdLShWUyXt5M/yhz8ekcb1A==",
			"license": "MIT",
			"engines": {
				"node": ">=8"
			}
		},
		"node_modules/short-hash": {
			"version": "1.0.0",
			"resolved": "https://registry.npmjs.org/short-hash/-/short-hash-1.0.0.tgz",
			"integrity": "sha512-qbUCD2Pkl4IXRyVqneEjGnUr0NGDGLzZnBUVGJngIQZf/FrhOL0yJhH+JQzak0t8xMmScIKpoX1SxOsPHdwa4w==",
			"license": "MIT",
			"dependencies": {
				"hash-string": "^1.0.0"
			}
		},
		"node_modules/spawn-streaming": {
			"version": "1.1.13",
			"resolved": "https://registry.npmjs.org/spawn-streaming/-/spawn-streaming-1.1.13.tgz",
			"integrity": "sha512-4f4I2b2Ai1AZguT0nHTBXtlKznJxRkQ1qNyZbi8V2+9SiMBSHU6yWMSY8Joka3YKtLoIMfvlCay3OExrpDy3PA==",
			"license": "MIT",
			"dependencies": {
				"colors": "*",
				"cross-spawn-cb": "*",
				"on-one": "*",
				"queue-cb": "*",
				"readable-stream": "^2.3.8"
			},
			"engines": {
				"node": ">=0.8"
			}
		},
		"node_modules/speedometer": {
			"version": "1.0.0",
			"resolved": "https://registry.npmjs.org/speedometer/-/speedometer-1.0.0.tgz",
			"integrity": "sha512-lgxErLl/7A5+vgIIXsh9MbeukOaCb2axgQ+bKCdIE+ibNT4XNYGNCR1qFEGq6F+YDASXK3Fh/c5FgtZchFolxw==",
			"license": "MIT"
		},
		"node_modules/string_decoder": {
			"version": "1.1.1",
			"resolved": "https://registry.npmjs.org/string_decoder/-/string_decoder-1.1.1.tgz",
			"integrity": "sha512-n/ShnvDi6FHbbVfviro+WojiFzv+s8MPMHBczVePfUpDJLwoLT0ht1l4YwBCbi8pJAveEEdnkHyPyTP/mzRfwg==",
			"license": "MIT",
			"dependencies": {
				"safe-buffer": "~5.1.0"
			}
		},
		"node_modules/string_decoder/node_modules/safe-buffer": {
			"version": "5.1.2",
			"resolved": "https://registry.npmjs.org/safe-buffer/-/safe-buffer-5.1.2.tgz",
			"integrity": "sha512-Gd2UZBJDkXlY7GbJxfsE8/nvKkUEU1G38c1siN6QP6a9PT9MmHB8GnpscSmMJSoF8LOIrt8ud/wPtojys4G6+g==",
			"license": "MIT"
		},
		"node_modules/supports-preserve-symlinks-flag": {
			"version": "1.0.0",
			"resolved": "https://registry.npmjs.org/supports-preserve-symlinks-flag/-/supports-preserve-symlinks-flag-1.0.0.tgz",
			"integrity": "sha512-ot0WnXS9fgdkgIcePe6RHNk1WA8+muPa6cSjeR3V8K27q9BB1rTE3R1p7Hv0z1ZyAc8s6Vvv8DIyWf681MAt0w==",
			"license": "MIT",
			"engines": {
				"node": ">= 0.4"
			},
			"funding": {
				"url": "https://github.com/sponsors/ljharb"
			}
		},
		"node_modules/temp-suffix": {
			"version": "1.0.8",
			"resolved": "https://registry.npmjs.org/temp-suffix/-/temp-suffix-1.0.8.tgz",
			"integrity": "sha512-4GLti7ppRrY853dobXYC3AMMVrPpSvVjFAFSjbzkrEVDnuDzvFOflC3F8HMLtWFscCP0l2vGUG+IGn5cNj717w==",
			"license": "MIT",
			"dependencies": {
				"imurmurhash": "*"
			},
			"engines": {
				"node": ">=0.8"
			}
		},
		"node_modules/thread-sleep": {
			"version": "2.2.0",
			"resolved": "https://registry.npmjs.org/thread-sleep/-/thread-sleep-2.2.0.tgz",
			"integrity": "sha512-C3zZbh9fL7c/+N8mFZ82+uK+dj0q6bSUORwhSe4icwd0xERndhB+ldw4JdejGC3Cbn1DRXlLJ/w859CQdvYV9w==",
			"license": "MIT",
			"engines": {
				"node": ">=0.11.12"
			}
		},
		"node_modules/thread-sleep-compat": {
			"version": "1.0.8",
			"resolved": "https://registry.npmjs.org/thread-sleep-compat/-/thread-sleep-compat-1.0.8.tgz",
			"integrity": "sha512-NtjV+P8DI35hytwe19d7q/hqaw5YhtbSaNNN0xW2phtjjJqo/AtWpBjQrFfhXy6h4j+oi9PZv+U8O9qzQnYzeQ==",
			"license": "MIT",
			"dependencies": {
				"nan": "^2.16.0",
				"node-abi": "2.30.1",
				"semver": "^5.7.1",
				"thread-sleep": "*"
			},
			"engines": {
				"node": ">=0.8"
			}
		},
		"node_modules/through2": {
			"version": "2.0.5",
			"resolved": "https://registry.npmjs.org/through2/-/through2-2.0.5.tgz",
			"integrity": "sha512-/mrRod8xqpA+IHSLyGCQ2s8SPHiCDEeQJSep1jqLYeEUClOFG2Qsh+4FU6G9VeqpZnGW/Su8LQGc4YKni5rYSQ==",
			"license": "MIT",
			"dependencies": {
				"readable-stream": "~2.3.6",
				"xtend": "~4.0.1"
			}
		},
		"node_modules/util-deprecate": {
			"version": "1.0.2",
			"resolved": "https://registry.npmjs.org/util-deprecate/-/util-deprecate-1.0.2.tgz",
			"integrity": "sha512-EPD5q1uXyFxJpCrLnCc1nHnq3gOa6DZBocAIiI2TaSCA7VCJ1UJDMagCzIkXNsUYfD1daK//LTEQ8xiIbrHtcw==",
			"license": "MIT"
		},
		"node_modules/which": {
			"version": "2.0.2",
			"resolved": "https://registry.npmjs.org/which/-/which-2.0.2.tgz",
			"integrity": "sha512-BLI3Tl1TW3Pvl70l3yq3Y64i+awpwXqsGBYWkkqMtnbXgrMD+yj7rhW0kuEDxzJaYXGjEW5ogapKNMEKNMjibA==",
			"license": "ISC",
			"dependencies": {
				"isexe": "^2.0.0"
			},
			"bin": {
				"node-which": "bin/node-which"
			},
			"engines": {
				"node": ">= 8"
			}
		},
		"node_modules/wrappy": {
			"version": "1.0.2",
			"resolved": "https://registry.npmjs.org/wrappy/-/wrappy-1.0.2.tgz",
			"integrity": "sha512-l4Sp/DRseor9wL6EvV2+TuQn63dMkPjZ/sp9XkghTEbV9KlPS1xUsZ3u7/IQO4wxtcFB4bgpQPRcR3QCvezPcQ==",
			"license": "ISC"
		},
		"node_modules/xtend": {
			"version": "4.0.2",
			"resolved": "https://registry.npmjs.org/xtend/-/xtend-4.0.2.tgz",
			"integrity": "sha512-LKYU1iAXJXUgAXn9URjiu+MWhyUXHsvfp7mcuYm9dSUKK0/CjtrUwFAxD82/mCWbtLsGjFIad0wIsod4zrTAEQ==",
			"license": "MIT",
			"engines": {
				"node": ">=0.4"
			}
		}
	}
}
