{
	"name": "nvs",
	"version": "1.1.22",
	"lockfileVersion": 3,
	"requires": true,
	"packages": {
		"": {
			"name": "nvs",
			"version": "1.1.22",
			"license": "MIT",
			"dependencies": {
				"node-version-use": "*"
			},
			"bin": {
				"nvs": "bin/cli.cjs"
			},
			"engines": {
				"node": ">=0.8"
			}
		},
		"node_modules/7z-iterator": {
			"version": "2.2.11",
			"resolved": "https://registry.npmjs.org/7z-iterator/-/7z-iterator-2.2.11.tgz",
			"integrity": "sha512-lhPp78AL2g5M3DsjHQXczgsYApaWbzMgQ9U24cZnoPpDYaeSjV//kXfAOd6StdtVSOmSTqCjx5r6u+sbfnt8Lg==",
			"license": "MIT",
			"dependencies": {
				"call-once-fn": "^1.1.6",
				"extract-base-iterator": "^3.4.4",
				"fs-remove-compat": "^1.0.0",
				"graceful-fs": "^4.2.11",
				"mkdirp-classic": "^0.5.2",
				"on-one": "^1.0.10",
				"os-shim": "^0.1.3",
				"queue-cb": "^1.0.0",
				"short-hash": "^1.0.0",
				"temp-suffix": "^1.0.10",
				"unbzip2-stream": "1.0.8",
				"xz-compat": "^1.2.4"
			},
			"engines": {
				"node": ">=0.8"
			}
		},
		"node_modules/async-compat": {
			"version": "1.8.3",
			"resolved": "https://registry.npmjs.org/async-compat/-/async-compat-1.8.3.tgz",
			"integrity": "sha512-68OtIX3XbErsHcLBhMJ8BTCDe2kjmQ450I5MQeW8S2rIlIA3Ttlrh3DO0G2eCRKLdlZrfNZA+mnXv89/t7WfXA==",
			"license": "MIT",
			"dependencies": {
				"is-error": "^2.0.0",
				"is-promise": "^4.0.0"
			},
			"engines": {
				"node": ">=0.8"
			}
		},
		"node_modules/base64-js": {
			"version": "0.0.8",
			"resolved": "https://registry.npmjs.org/base64-js/-/base64-js-0.0.8.tgz",
			"integrity": "sha512-3XSA2cR/h/73EzlXXdU6YNycmYI7+kicTxks4eJg2g39biHR84slg2+des+p7iHYhbRg/udIS4TD53WabcOUkw==",
			"license": "MIT",
			"engines": {
				"node": ">= 0.4"
			}
		},
		"node_modules/buffer": {
			"version": "3.6.2",
			"resolved": "https://registry.npmjs.org/buffer/-/buffer-3.6.2.tgz",
			"integrity": "sha512-c3M77NkHJxS0zx/ErxXhDLr1v3y2MDXPeTJPvLNOaIYJ4ymHBUFQ9EXzt9HYuqAJllMoNb/EZ8hIiulnQFAUuQ==",
			"license": "MIT",
			"dependencies": {
				"base64-js": "0.0.8",
				"ieee754": "^1.1.4",
				"isarray": "^1.0.0"
			}
		},
		"node_modules/call-once-fn": {
			"version": "1.1.11",
			"resolved": "https://registry.npmjs.org/call-once-fn/-/call-once-fn-1.1.11.tgz",
			"integrity": "sha512-fgPqu9jXF4yVCAwL+wRjDe0Twya7R2KHNdStMZ1RtN7OV3F/L7l5dfMZ+B0mMzxx9eCLQWeieqPY01cveygyCg==",
			"license": "MIT",
			"engines": {
				"node": ">=0.8"
			}
		},
		"node_modules/colors": {
			"version": "1.4.0",
			"resolved": "https://registry.npmjs.org/colors/-/colors-1.4.0.tgz",
			"integrity": "sha512-a+UqTh4kgZg/SlGvfbzDHpgRu7AAQOmmqRHJnxhRZICKFUT91brVhNNt58CMWU9PsBbv3PDCZUHbVxuDiH2mtA==",
			"license": "MIT",
			"engines": {
				"node": ">=0.1.90"
			}
		},
		"node_modules/content-disposition": {
			"version": "1.0.0",
			"resolved": "https://registry.npmjs.org/content-disposition/-/content-disposition-1.0.0.tgz",
			"integrity": "sha512-Au9nRL8VNUut/XSzbQA38+M78dzP4D+eqg3gfJHMIHHYa3bg067xj1KxMUWj+VULbiZMowKngFFbKczUrNJ1mg==",
			"license": "MIT",
			"dependencies": {
				"safe-buffer": "5.2.1"
			},
			"engines": {
				"node": ">= 0.6"
			}
		},
		"node_modules/core-util-is": {
			"version": "1.0.3",
			"resolved": "https://registry.npmjs.org/core-util-is/-/core-util-is-1.0.3.tgz",
			"integrity": "sha512-ZQBvi1DcpJ4GDqanjucZ2Hj3wEO5pZDS89BWbkcrvdxksJorwUDDZamX9ldFkp9aw2lmBDLgkObEA4DWNJ9FYQ==",
			"license": "MIT"
		},
		"node_modules/cpu-arch": {
			"version": "1.1.3",
			"resolved": "https://registry.npmjs.org/cpu-arch/-/cpu-arch-1.1.3.tgz",
			"integrity": "sha512-r/SLqztqDXnP3yjap8k24T6M1YV8LLQKeq1+3g72XmHBOYWpEfBu58RBRG/ThvjuK6+W62Hqs0Y9cLsidRPzdw==",
			"license": "MIT",
			"dependencies": {
				"node-version-call-local": "^1.0.0"
			},
			"engines": {
				"node": ">=0.8"
			}
		},
		"node_modules/cross-spawn": {
			"version": "7.0.6",
			"resolved": "https://registry.npmjs.org/cross-spawn/-/cross-spawn-7.0.6.tgz",
			"integrity": "sha512-uV2QOWP2nWzsy2aMp8aRibhi9dlzF5Hgh5SHaB9OiTGEyDTiJJyx0uy51QXdyWbtAHNua4XJzUKca3OzKUd3vA==",
			"license": "MIT",
			"dependencies": {
				"path-key": "^3.1.0",
				"shebang-command": "^2.0.0",
				"which": "^2.0.1"
			},
			"engines": {
				"node": ">= 8"
			}
		},
		"node_modules/cross-spawn-cb": {
			"version": "3.2.4",
			"resolved": "https://registry.npmjs.org/cross-spawn-cb/-/cross-spawn-cb-3.2.4.tgz",
			"integrity": "sha512-0S1Xr7Ubgv1FRhLbZxKvEPY2LS1CYFn3diesb3eunnL3AbNOnVVoc/N1yY7qa685gGbbgBq75G2fNONIt1IHvQ==",
			"license": "MIT",
			"dependencies": {
				"cross-spawn": "^7.0.6",
				"env-path-key": "^1.0.0",
				"node-version-call-local": "^1.0.0",
				"on-one": "^1.0.0",
				"which": "1.3.1"
			},
			"engines": {
				"node": ">=0.8"
			}
		},
		"node_modules/cross-spawn/node_modules/which": {
			"version": "2.0.2",
			"resolved": "https://registry.npmjs.org/which/-/which-2.0.2.tgz",
			"integrity": "sha512-BLI3Tl1TW3Pvl70l3yq3Y64i+awpwXqsGBYWkkqMtnbXgrMD+yj7rhW0kuEDxzJaYXGjEW5ogapKNMEKNMjibA==",
			"license": "ISC",
			"dependencies": {
				"isexe": "^2.0.0"
			},
			"bin": {
				"node-which": "bin/node-which"
			},
			"engines": {
				"node": ">= 8"
			}
		},
		"node_modules/end-of-stream": {
			"version": "1.4.5",
			"resolved": "https://registry.npmjs.org/end-of-stream/-/end-of-stream-1.4.5.tgz",
			"integrity": "sha512-ooEGc6HP26xXq/N+GCGOT0JKCLDGrq2bQUZrQ7gyrJiZANJ/8YDTxTpQBXGMn+WbIQXNVpyWymm7KYVICQnyOg==",
			"license": "MIT",
			"dependencies": {
				"once": "^1.4.0"
			}
		},
		"node_modules/env-path-key": {
			"version": "1.1.9",
			"resolved": "https://registry.npmjs.org/env-path-key/-/env-path-key-1.1.9.tgz",
			"integrity": "sha512-IPLl9sj2Kog/tVB3Tcx5jzh4v/HdAhe9KaAho6LA7lUUpA1VBUkAPIN+0Q1wST67h9pKnWBkZFrXrG2X3o7auw==",
			"license": "MIT",
			"engines": {
				"node": ">=0.8"
			}
		},
		"node_modules/es-errors": {
			"version": "1.3.0",
			"resolved": "https://registry.npmjs.org/es-errors/-/es-errors-1.3.0.tgz",
			"integrity": "sha512-Zf5H2Kxt2xjTvbJvP2ZWLEICxA6j+hAmMzIlypy4xcBg1vKVnx89Wy0GbS+kf5cwCVFFzdCFh2XSCFNULS6csw==",
			"license": "MIT",
			"engines": {
				"node": ">= 0.4"
			}
		},
		"node_modules/exit-compat": {
			"version": "1.0.5",
			"resolved": "https://registry.npmjs.org/exit-compat/-/exit-compat-1.0.5.tgz",
			"integrity": "sha512-NC40s361jjMeSfQpm3fOEBo7HXPnf5kAnWVFhOGQeOh/Daqxq4E/xZuISZYdrd4Y7MV3h9/IjQ1Wd1OfOcWHAQ==",
			"license": "MIT",
			"engines": {
				"node": ">=0.8"
			}
		},
		"node_modules/extract-base-iterator": {
			"version": "3.4.7",
			"resolved": "https://registry.npmjs.org/extract-base-iterator/-/extract-base-iterator-3.4.7.tgz",
			"integrity": "sha512-ropNhzO2yF8ngq8VKBo6+5am5XA+/evzdirmwk/tYGWcYWFKll7W62XmMLcs7MmJXDQ5AF2LFJztj1sPhFsIbg==",
			"license": "MIT",
			"dependencies": {
				"fs-remove-compat": "^1.0.0",
				"graceful-fs": "^4.2.11",
				"is-absolute": "^1.0.0",
				"mkdirp-classic": "^0.5.2",
				"on-one": "^1.0.0",
				"pako": "1.0.11",
				"queue-cb": "^1.0.0",
				"readable-stream": "2.3.8",
				"stack-base-iterator": "^3.0.0"
			},
			"engines": {
				"node": ">=0.8"
			}
		},
		"node_modules/fast-extract": {
			"version": "1.14.10",
			"resolved": "https://registry.npmjs.org/fast-extract/-/fast-extract-1.14.10.tgz",
			"integrity": "sha512-kEGFCqn6RgfA29+kCJHmb+hhS1DeE30WzHZ0NmcjCf0e1xbgLEniOafckKPMPgyzu34hWLmS4jlm3NYCz/Lvjg==",
			"license": "MIT",
			"dependencies": {
				"7z-iterator": "^2.2.6",
				"call-once-fn": "1.1.11",
				"content-disposition": "1.0.0",
				"extract-base-iterator": "^3.4.4",
				"fs-remove-compat": "^1.0.0",
				"graceful-fs": "^4.2.11",
				"lodash.throttle": "^4.1.1",
				"mkdirp-classic": "^0.5.2",
				"on-one": "^1.0.0",
				"progress-stream": "^2.0.0",
				"queue-cb": "^1.0.0",
				"signal-exit": "^3.0.7",
				"tar-iterator": "^3.3.7",
				"temp-suffix": "^1.0.10",
				"unbzip2-stream": "1.0.8",
				"xz-compat": "^1.2.5",
				"zip-iterator": "^3.2.11"
			},
			"engines": {
				"node": ">=0.8"
			}
		},
		"node_modules/fetch-json-cache": {
			"version": "1.6.4",
			"resolved": "https://registry.npmjs.org/fetch-json-cache/-/fetch-json-cache-1.6.4.tgz",
			"integrity": "sha512-Pws+Up64dJKNRRPhaXbX6BXvSVT8I0zScFJAPbARiJczs1jIwQcaYPHOdZNfXKvbhYn7y6+CAtSA5ggDCiYMrA==",
			"license": "MIT",
			"dependencies": {
				"fs-remove-compat": "^1.0.0",
				"get-file-compat": "^2.0.0",
				"mkdirp-classic": "^0.5.2",
				"queue-cb": "^1.0.0",
				"temp-suffix": "^1.0.10"
			},
			"engines": {
				"node": ">=0.8"
			}
		},
		"node_modules/fs-copy-compat": {
			"version": "1.0.1",
			"resolved": "https://registry.npmjs.org/fs-copy-compat/-/fs-copy-compat-1.0.1.tgz",
			"integrity": "sha512-hk0UdjtFvuF6os0VjQG1H87f0HY+uFa6lLRpstUzrgnR9zpWgnFIqKzpMdyABkSQDX5wDld5v4Sn99srFnITow==",
			"license": "MIT",
			"dependencies": {
				"is-absolute": "^1.0.0",
				"mkdirp-classic": "^0.5.2",
				"pump": "^3.0.3"
			},
			"engines": {
				"node": ">=0.8"
			}
		},
		"node_modules/fs-remove-compat": {
			"version": "1.0.4",
			"resolved": "https://registry.npmjs.org/fs-remove-compat/-/fs-remove-compat-1.0.4.tgz",
			"integrity": "sha512-N93irRgN5p53v139fjGkEstcHSjJyVjodhJrpuWZzoouJS6HTjk8qCOLFCAUS+5WiCgnjJMKLeyZ/xmBbrPzwQ==",
			"license": "MIT",
			"engines": {
				"node": ">=0.8"
			}
		},
		"node_modules/function-bind": {
			"version": "1.1.2",
			"resolved": "https://registry.npmjs.org/function-bind/-/function-bind-1.1.2.tgz",
			"integrity": "sha512-7XHNxH7qX9xG5mIwxkhumTox/MIRNcOgDrxWsMt2pAr23WHp6MrRlN7FBSFpCpr+oVO0F744iUgR82nJMfG2SA==",
			"license": "MIT",
			"funding": {
				"url": "https://github.com/sponsors/ljharb"
			}
		},
		"node_modules/function-exec-sync": {
			"version": "2.1.3",
			"resolved": "https://registry.npmjs.org/function-exec-sync/-/function-exec-sync-2.1.3.tgz",
			"integrity": "sha512-4XQVvclUsUMMmRh9Q6WG+kHN6YbiM4gARv4QmnRu7M4hI0DUB0hmyoQGy4DS9PW6Z9zoQ9rRSw2v9GJMD6sdTA==",
			"license": "MIT",
			"dependencies": {
				"async-compat": "^1.4.6",
				"module-compat": "^0.1.0",
				"os-shim": "^0.1.0",
				"randombytes": "^2.1.0",
				"short-hash": "^1.0.0",
				"temp-suffix": "^1.0.10",
				"thread-sleep-compat": "^1.1.6"
			},
			"engines": {
				"node": ">=0.8"
			}
		},
		"node_modules/get-file-compat": {
			"version": "2.3.4",
			"resolved": "https://registry.npmjs.org/get-file-compat/-/get-file-compat-2.3.4.tgz",
			"integrity": "sha512-o4il267gJEGxPqc42wwEEa1qGMpDBH5ibQ8ccUydaxPVwiAqvwvInzLYYpOYPDF27nMGjkVIFXreDOBrGrfHxg==",
			"license": "MIT",
			"dependencies": {
				"mkdirp-classic": "^0.5.2",
				"node-version-call-local": "^1.0.0",
				"on-one": "^1.0.0",
				"pump": "^3.0.0"
			},
			"engines": {
				"node": ">=0.8"
			}
		},
		"node_modules/getopts-compat": {
			"version": "2.2.6",
			"resolved": "https://registry.npmjs.org/getopts-compat/-/getopts-compat-2.2.6.tgz",
			"integrity": "sha512-7/eVVvGx2cr6Pz0j0CJZFqdHg8UCE3rryZs7BkhaIc7NDecaCTzTWCjAsxOQv58uShF192y4Da7xRT44F3jAsQ==",
			"license": "MIT"
		},
		"node_modules/graceful-fs": {
			"version": "4.2.11",
			"resolved": "https://registry.npmjs.org/graceful-fs/-/graceful-fs-4.2.11.tgz",
			"integrity": "sha512-RbJ5/jmFcNNCcDV5o9eTnBLJ/HszWV0P73bc+Ff4nS/rJj+YaS6IGyiOL0VoBYX+l1Wrl3k63h/KrH+nhJ0XvQ==",
			"license": "ISC"
		},
		"node_modules/hash-string": {
			"version": "1.0.0",
			"resolved": "https://registry.npmjs.org/hash-string/-/hash-string-1.0.0.tgz",
			"integrity": "sha512-dtNNyxXobzHavayZwOwRWhBTqS9GX4jDjIMsGc0fDyaN2A+4zMn5Ua9ODDCggN6w3Spma6mAHL3ImmW3BkWDmQ==",
			"license": "ISC"
		},
		"node_modules/hasown": {
			"version": "2.0.4",
			"resolved": "https://registry.npmjs.org/hasown/-/hasown-2.0.4.tgz",
			"integrity": "sha512-T2UbfbBEF32wiepXIsMlTW9+dDYC6wMh/t/vYA4tuOMKqWz/n3vr1NFSxQiyP+zk2mXsoMA/i/7qV6LKut1t1A==",
			"license": "MIT",
			"dependencies": {
				"function-bind": "^1.1.2"
			},
			"engines": {
				"node": ">= 0.4"
			}
		},
		"node_modules/homedir-polyfill": {
			"version": "1.0.3",
			"resolved": "https://registry.npmjs.org/homedir-polyfill/-/homedir-polyfill-1.0.3.tgz",
			"integrity": "sha512-eSmmWE5bZTK2Nou4g0AI3zZ9rswp7GRKoKXS1BLUkvPviOqs4YTN1djQIqrXy9k5gEtdLPy86JjRwsNM9tnDcA==",
			"license": "MIT",
			"dependencies": {
				"parse-passwd": "^1.0.0"
			},
			"engines": {
				"node": ">=0.10.0"
			}
		},
		"node_modules/ieee754": {
			"version": "1.2.1",
			"resolved": "https://registry.npmjs.org/ieee754/-/ieee754-1.2.1.tgz",
			"integrity": "sha512-dcyqhDvX1C46lXZcVqCpK+FtMRQVdIMN6/Df5js2zouUsqG7I6sFxitIC+7KYK29KdXOLHdu9zL4sFnoVQnqaA==",
			"funding": [
				{
					"type": "github",
					"url": "https://github.com/sponsors/feross"
				},
				{
					"type": "patreon",
					"url": "https://www.patreon.com/feross"
				},
				{
					"type": "consulting",
					"url": "https://feross.org/support"
				}
			],
			"license": "BSD-3-Clause"
		},
		"node_modules/imurmurhash": {
			"version": "0.1.4",
			"resolved": "https://registry.npmjs.org/imurmurhash/-/imurmurhash-0.1.4.tgz",
			"integrity": "sha512-JmXMZ6wuvDmLiHEml9ykzqO6lwFbof0GG4IkcGaENdCRDDmMVnny7s5HsIgHCbaq0w2MyPhDqkhTUgS2LU2PHA==",
			"license": "MIT",
			"engines": {
				"node": ">=0.8.19"
			}
		},
		"node_modules/inherits": {
			"version": "2.0.4",
			"resolved": "https://registry.npmjs.org/inherits/-/inherits-2.0.4.tgz",
			"integrity": "sha512-k/vGaX4/Yla3WzyMCvTQOXYeIHvqOKtnqBduzTHpzpQZzAskKMhZ2K+EnBiSM9zGSoIFeMpXKxa4dYeZIQqewQ==",
			"license": "ISC"
		},
		"node_modules/install-module-linked": {
			"version": "2.0.4",
			"resolved": "https://registry.npmjs.org/install-module-linked/-/install-module-linked-2.0.4.tgz",
			"integrity": "sha512-pMLRaFjTrvLRXab4jz8SYabd6mCoKYX3d+rCuxSy1oQQtGv1ZV8GsTVgke2NR2A5d9/1JnjVsevNFbIA6z4akw==",
			"license": "MIT",
			"dependencies": {
				"lockfile": "^1.0.4",
				"queue-cb": "^1.0.0",
				"temp-suffix": "^1.0.10"
			},
			"bin": {
				"iml": "bin/cli.js"
			},
			"engines": {
				"node": ">=18"
			}
		},
		"node_modules/install-module-linked-compat": {
			"version": "0.2.2",
			"resolved": "https://registry.npmjs.org/install-module-linked-compat/-/install-module-linked-compat-0.2.2.tgz",
			"integrity": "sha512-Rc6ubQpshrvsx6Tsp8WmWfEAy0lI+/JFWzBGIpYxkSUlGO/gIcRnsiAsmYY4WRMVfs2pUzv2YiXWkGWNC8M+Qg==",
			"license": "MIT",
			"dependencies": {
				"cross-spawn-cb": "^3.0.0",
				"exit-compat": "^1.0.0",
				"fs-remove-compat": "^1.0.0",
				"function-exec-sync": "^2.1.2",
				"get-file-compat": "^2.0.0",
				"getopts-compat": "^2.2.5",
				"homedir-polyfill": "^1.0.3",
				"install-module-linked": "^2.0.4",
				"mkdirp-classic": "^0.5.2",
				"node-version-call-local": "^1.0.0"
			},
			"bin": {
				"iml-compat": "bin/cli.js"
			},
			"engines": {
				"node": ">=0.8"
			}
		},
		"node_modules/is-absolute": {
			"version": "1.0.0",
			"resolved": "https://registry.npmjs.org/is-absolute/-/is-absolute-1.0.0.tgz",
			"integrity": "sha512-dOWoqflvcydARa360Gvv18DZ/gRuHKi2NU/wU5X1ZFzdYfH29nkiNZsF3mp4OJ3H4yo9Mx8A/uAGNzpzPN3yBA==",
			"license": "MIT",
			"dependencies": {
				"is-relative": "^1.0.0",
				"is-windows": "^1.0.1"
			},
			"engines": {
				"node": ">=0.10.0"
			}
		},
		"node_modules/is-core-module": {
			"version": "2.16.2",
			"resolved": "https://registry.npmjs.org/is-core-module/-/is-core-module-2.16.2.tgz",
			"integrity": "sha512-evOr8xfXKxE6qSR0hSXL2r3sd7ALj8+7jQEUvPYcm5sgZFdJ+AYzT6yNmJenvIYQBgIGwfwz08sL8zoL7yq2BA==",
			"license": "MIT",
			"dependencies": {
				"hasown": "^2.0.3"
			},
			"engines": {
				"node": ">= 0.4"
			},
			"funding": {
				"url": "https://github.com/sponsors/ljharb"
			}
		},
		"node_modules/is-error": {
			"version": "2.2.2",
			"resolved": "https://registry.npmjs.org/is-error/-/is-error-2.2.2.tgz",
			"integrity": "sha512-IOQqts/aHWbiisY5DuPJQ0gcbvaLFCa7fBa9xoLfxBZvQ+ZI/Zh9xoI7Gk+G64N0FdK4AbibytHht2tWgpJWLg==",
			"license": "MIT"
		},
		"node_modules/is-promise": {
			"version": "4.0.0",
			"resolved": "https://registry.npmjs.org/is-promise/-/is-promise-4.0.0.tgz",
			"integrity": "sha512-hvpoI6korhJMnej285dSg6nu1+e6uxs7zG3BYAm5byqDsgJNWwxzM6z6iZiAgQR4TJ30JmBTOwqZUw3WlyH3AQ==",
			"license": "MIT"
		},
		"node_modules/is-relative": {
			"version": "1.0.0",
			"resolved": "https://registry.npmjs.org/is-relative/-/is-relative-1.0.0.tgz",
			"integrity": "sha512-Kw/ReK0iqwKeu0MITLFuj0jbPAmEiOsIwyIXvvbfa6QfmN9pkD1M+8pdk7Rl/dTKbH34/XBFMbgD4iMJhLQbGA==",
			"license": "MIT",
			"dependencies": {
				"is-unc-path": "^1.0.0"
			},
			"engines": {
				"node": ">=0.10.0"
			}
		},
		"node_modules/is-unc-path": {
			"version": "1.0.0",
			"resolved": "https://registry.npmjs.org/is-unc-path/-/is-unc-path-1.0.0.tgz",
			"integrity": "sha512-mrGpVd0fs7WWLfVsStvgF6iEJnbjDFZh9/emhRDcGWTduTfNHd9CHeUwH3gYIjdbwo4On6hunkztwOaAw0yllQ==",
			"license": "MIT",
			"dependencies": {
				"unc-path-regex": "^0.1.2"
			},
			"engines": {
				"node": ">=0.10.0"
			}
		},
		"node_modules/is-version": {
			"version": "1.0.10",
			"resolved": "https://registry.npmjs.org/is-version/-/is-version-1.0.10.tgz",
			"integrity": "sha512-Cy/vUBq9E3pq0TQivSrNpRHp/wad12rfnWDceIiEjjRNaVslp3BRf66NjuHjdgOhLIhqglbQUmLMH7DVGuDg5Q==",
			"license": "MIT",
			"engines": {
				"node": ">=0.8"
			}
		},
		"node_modules/is-windows": {
			"version": "1.0.2",
			"resolved": "https://registry.npmjs.org/is-windows/-/is-windows-1.0.2.tgz",
			"integrity": "sha512-eXK1UInq2bPmjyX6e3VHIzMLobc4J94i4AWn+Hpq3OU5KkrRC96OAcR3PRJ/pGu6m8TRnBHP9dkXQVsT/COVIA==",
			"license": "MIT",
			"engines": {
				"node": ">=0.10.0"
			}
		},
		"node_modules/isarray": {
			"version": "1.0.0",
			"resolved": "https://registry.npmjs.org/isarray/-/isarray-1.0.0.tgz",
			"integrity": "sha512-VLghIWNM6ELQzo7zwmcg0NmTVyWKYjvIeM83yjp0wRDTmUnrM678fQbcKBo6n2CJEF0szoG//ytg+TKla89ALQ==",
			"license": "MIT"
		},
		"node_modules/isexe": {
			"version": "2.0.0",
			"resolved": "https://registry.npmjs.org/isexe/-/isexe-2.0.0.tgz",
			"integrity": "sha512-RHxMLp9lnKHGHRng9QFhRCMbYAcVpn69smSGcq3f36xjgVVWThj4qqLbTLlq7Ssj8B+fIQ1EuCEGI2lKsyQeIw==",
			"license": "ISC"
		},
		"node_modules/iterator-next-callback": {
			"version": "3.0.2",
			"resolved": "https://registry.npmjs.org/iterator-next-callback/-/iterator-next-callback-3.0.2.tgz",
			"integrity": "sha512-6ONiwlUsWSs2Z24ezT5dnJOJjIF3BrFDvifiD47jr/f7EPt5sdFx1zmv03er0UinVgfIoe0vMSJITQ7B4xMVSQ==",
			"license": "MIT",
			"dependencies": {
				"is-promise": "^4.0.0"
			},
			"engines": {
				"node": ">=0.8"
			}
		},
		"node_modules/lockfile": {
			"version": "1.0.4",
			"resolved": "https://registry.npmjs.org/lockfile/-/lockfile-1.0.4.tgz",
			"integrity": "sha512-cvbTwETRfsFh4nHsL1eGWapU1XFi5Ot9E85sWAwia7Y7EgB7vfqcZhTKZ+l7hCGxSPoushMv5GKhT5PdLv03WA==",
			"license": "ISC",
			"dependencies": {
				"signal-exit": "^3.0.2"
			}
		},
		"node_modules/lodash.keys": {
			"version": "4.2.0",
			"resolved": "https://registry.npmjs.org/lodash.keys/-/lodash.keys-4.2.0.tgz",
			"integrity": "sha512-J79MkJcp7Df5mizHiVNpjoHXLi4HLjh9VLS/M7lQSGoQ+0oQ+lWEigREkqKyizPB1IawvQLLKY8mzEcm1tkyxQ==",
			"license": "MIT"
		},
		"node_modules/lodash.throttle": {
			"version": "4.1.1",
			"resolved": "https://registry.npmjs.org/lodash.throttle/-/lodash.throttle-4.1.1.tgz",
			"integrity": "sha512-wIkUCfVKpVsWo3JSZlc+8MB5it+2AN5W8J7YVMST30UrvcQNZ1Okbj+rbVniijTWE6FGYy4XJq/rHkas8qJMLQ==",
			"license": "MIT"
		},
		"node_modules/maximize-iterator": {
			"version": "5.0.7",
			"resolved": "https://registry.npmjs.org/maximize-iterator/-/maximize-iterator-5.0.7.tgz",
			"integrity": "sha512-rj2/16WFDhQ0YuDZ71g88SlLP7ZI6RLmQNFWql3UDrF5Dk23U3xaRNbQA0RG+GOdNPqwuWoJl+G+P48UGfJCiA==",
			"license": "MIT",
			"dependencies": {
				"async-compat": "^1.4.6",
				"iterator-next-callback": "^3.0.0"
			},
			"engines": {
				"node": ">=0.8"
			}
		},
		"node_modules/mkdirp-classic": {
			"version": "0.5.3",
			"resolved": "https://registry.npmjs.org/mkdirp-classic/-/mkdirp-classic-0.5.3.tgz",
			"integrity": "sha512-gKLcREMhtuZRwRAfqP3RFW+TK4JqApVBtOIftVgjuABpAtpxhPGaDcfvbhNvD0B8iD1oUr/txX35NjcaY6Ns/A==",
			"license": "MIT"
		},
		"node_modules/module-compat": {
			"version": "0.1.2",
			"resolved": "https://registry.npmjs.org/module-compat/-/module-compat-0.1.2.tgz",
			"integrity": "sha512-SoZCp5V6fsax8TR7hBHlgSEChreSg5E3qLm5Y2iaYYWwm/H+Dbn50LfAUoBoU9ocg/8kq/rPiN3joFbNHtzy/A==",
			"license": "MIT",
			"dependencies": {
				"module-root-sync": "*"
			},
			"engines": {
				"node": ">=0.8"
			}
		},
		"node_modules/module-root-sync": {
			"version": "2.0.4",
			"resolved": "https://registry.npmjs.org/module-root-sync/-/module-root-sync-2.0.4.tgz",
			"integrity": "sha512-4kGcD228LIS7cqCoGTlybcFWd3xZ6z8zAF01dc9oqlQ6rcNZT6i99EZPO9x7L7AhTtUlW3uJ44Bzmad8HR2iyA==",
			"license": "MIT",
			"engines": {
				"node": ">=0.8"
			}
		},
		"node_modules/node-exec-path": {
			"version": "1.2.3",
			"resolved": "https://registry.npmjs.org/node-exec-path/-/node-exec-path-1.2.3.tgz",
			"integrity": "sha512-LocVnegGQhEng8iNi36uabI9calCF4oe0YHKikWzmn5zXxIuLRQD3lgkzR7z0SlioVK4o7hPEdpk4zNS3kOl7g==",
			"license": "MIT",
			"dependencies": {
				"env-path-key": "^1.0.0",
				"function-exec-sync": "^2.0.1",
				"semver": "5.7.2"
			},
			"engines": {
				"node": ">=0.8"
			}
		},
		"node_modules/node-filename-to-dist-paths": {
			"version": "1.5.1",
			"resolved": "https://registry.npmjs.org/node-filename-to-dist-paths/-/node-filename-to-dist-paths-1.5.1.tgz",
			"integrity": "sha512-YQw1954p8Koi/GgVFYe1tUwFwLzWVgoU5PiIJ/bCFbmJvADo/6u8TNH13r1lvO0boTopP2/s80RfLjERaBFdMg==",
			"hasInstallScript": true,
			"license": "MIT",
			"dependencies": {
				"exit-compat": "^1.0.0",
				"fetch-json-cache": "^1.2.1"
			},
			"engines": {
				"node": ">=0.8"
			}
		},
		"node_modules/node-install-release": {
			"version": "1.19.5",
			"resolved": "https://registry.npmjs.org/node-install-release/-/node-install-release-1.19.5.tgz",
			"integrity": "sha512-MZfeZGMXXphICbdq5LtGQhU+l8TaEbEzljQ7/W4NP1/5rj/m40c+Kmqw61LImdN4eW5qjKWOq/68ji/vQKEwhw==",
			"license": "MIT",
			"dependencies": {
				"cpu-arch": "^1.0.1",
				"cross-spawn-cb": "^3.0.0",
				"exit-compat": "^1.0.0",
				"fast-extract": "^1.0.1",
				"fs-copy-compat": "^1.0.0",
				"fs-remove-compat": "^1.0.0",
				"get-file-compat": "^2.0.0",
				"getopts-compat": "^2.2.6",
				"homedir-polyfill": "^1.0.3",
				"is-version": "^1.0.9",
				"lodash.keys": "^4.2.0",
				"mkdirp-classic": "^0.5.2",
				"node-filename-to-dist-paths": "^1.5.0",
				"node-resolve-versions": "^1.3.13",
				"on-one": "^1.0.0",
				"os-shim": "^0.1.3",
				"queue-cb": "^1.0.0",
				"temp-suffix": "^1.0.10"
			},
			"bin": {
				"nir": "bin/cli.js"
			},
			"engines": {
				"node": ">=0.8"
			}
		},
		"node_modules/node-resolve-versions": {
			"version": "1.5.4",
			"resolved": "https://registry.npmjs.org/node-resolve-versions/-/node-resolve-versions-1.5.4.tgz",
			"integrity": "sha512-8Nqqne0Tr84blUKPYX7AOgrS4bk7oP1f1QUOF+IOvBoCsdRT98z2EU+jK9uOWwpBLZkoo00tmy03FeIfE5zEmQ==",
			"license": "MIT",
			"dependencies": {
				"node-semvers": "^1.5.17",
				"semver": "5.7.2"
			},
			"engines": {
				"node": ">=0.8"
			}
		},
		"node_modules/node-semvers": {
			"version": "1.7.4",
			"resolved": "https://registry.npmjs.org/node-semvers/-/node-semvers-1.7.4.tgz",
			"integrity": "sha512-62ufe8gcOYAGMZIdJw+pcvBdTQLErj2Oila4h3FPrk/QQP1kcaZ2vpol9/+4jO8zzMoD6CWdMz+VA/Ix7b5zuA==",
			"hasInstallScript": true,
			"license": "MIT",
			"dependencies": {
				"exit-compat": "^1.0.0",
				"fetch-json-cache": "^1.4.0",
				"getopts-compat": "^2.2.5",
				"semver": "5.7.2"
			},
			"bin": {
				"nsv": "bin/cli.cjs"
			},
			"engines": {
				"node": ">=0.8"
			}
		},
		"node_modules/node-version-call-local": {
			"version": "1.1.3",
			"resolved": "https://registry.npmjs.org/node-version-call-local/-/node-version-call-local-1.1.3.tgz",
			"integrity": "sha512-VFxzpUqzDPRYG9moaS0KAPIOYW1F307HCZDlsDL8ebD+2RFAdxc2rVjRqac++1tZ1d/iz852HXn49DtvoCWGuw==",
			"license": "MIT",
			"dependencies": {
				"env-path-key": "^1.0.0",
				"function-exec-sync": "^2.0.0",
				"module-compat": "^0.1.0",
				"node-exec-path": "^1.0.0",
				"node-version-utils": "^1.0.2",
				"semver": "5.7.2"
			},
			"engines": {
				"node": ">=0.8"
			}
		},
		"node_modules/node-version-install": {
			"version": "1.5.8",
			"resolved": "https://registry.npmjs.org/node-version-install/-/node-version-install-1.5.8.tgz",
			"integrity": "sha512-L7u+lLDbTb35TB245lylSbUyY40j98jq9kwXZeq9pUeJ5MPeZnVcUwYbcTbIEc0/3ZI+V2aJzqZenuGKrgNIfQ==",
			"license": "MIT",
			"dependencies": {
				"function-exec-sync": "^2.0.1",
				"homedir-polyfill": "^1.0.3",
				"node-install-release": "^1.7.5",
				"node-resolve-versions": "^1.0.0",
				"queue-cb": "^1.0.0"
			},
			"engines": {
				"node": ">=0.8"
			}
		},
		"node_modules/node-version-use": {
			"version": "2.5.5",
			"resolved": "https://registry.npmjs.org/node-version-use/-/node-version-use-2.5.5.tgz",
			"integrity": "sha512-cRY0yAupApmAKqOrIQULymlaBaNiC1b3HPze7+t7pPoanuJkEQE3qfjyZS4iFIhRqqYSsLjWdWRYAsG35CGn5Q==",
			"hasInstallScript": true,
			"license": "MIT",
			"dependencies": {
				"cpu-arch": "^1.1.1",
				"cross-spawn-cb": "^3.0.0",
				"exit-compat": "^1.0.0",
				"fs-remove-compat": "^1.0.0",
				"get-file-compat": "^2.0.0",
				"getopts-compat": "^2.2.6",
				"homedir-polyfill": "^1.0.3",
				"install-module-linked-compat": "^0.2.2",
				"mkdirp-classic": "^0.5.2",
				"module-root-sync": "^2.0.2",
				"node-resolve-versions": "^1.0.0",
				"node-version-install": "^1.0.5",
				"node-version-utils": "^1.0.2",
				"queue-cb": "^1.0.0",
				"resolve-bin-sync": "^1.0.12",
				"spawn-streaming": "^1.1.15",
				"spawn-term": "^3.5.9",
				"tar-iterator": "^3.1.11",
				"zip-iterator": "^3.0.18"
			},
			"bin": {
				"nvu": "bin/cli.js"
			},
			"engines": {
				"node": ">=0.8"
			}
		},
		"node_modules/node-version-utils": {
			"version": "1.3.20",
			"resolved": "https://registry.npmjs.org/node-version-utils/-/node-version-utils-1.3.20.tgz",
			"integrity": "sha512-ao1bU5SrfET6i8i4ZqU076NthKBzYqFtgcvPABmZsDdTYOL8OS0pbX8dz/DxQ8UhiiUUP4V11XbgmOTLiNxy+w==",
			"license": "MIT",
			"dependencies": {
				"env-path-key": "^1.0.0",
				"path-string-prepend": "^1.0.0"
			},
			"engines": {
				"node": ">=0.8"
			}
		},
		"node_modules/on-one": {
			"version": "1.1.2",
			"resolved": "https://registry.npmjs.org/on-one/-/on-one-1.1.2.tgz",
			"integrity": "sha512-pec3p/gFnORsY8XIstQkruPpM7AlUODyMuYkVyG/jr9wlmaO8dfm0ubn596KGjlOYOMr1aWjYkhjHmV192bv5A==",
			"license": "MIT",
			"engines": {
				"node": ">=0.8"
			}
		},
		"node_modules/once": {
			"version": "1.4.0",
			"resolved": "https://registry.npmjs.org/once/-/once-1.4.0.tgz",
			"integrity": "sha512-lNaJgI+2Q5URQBkccEKHTQOPaXdUxnZZElQTZY0MFUAuaEqe1E+Nyvgdz/aIyNi6Z9MzO5dv1H8n58/GELp3+w==",
			"license": "ISC",
			"dependencies": {
				"wrappy": "1"
			}
		},
		"node_modules/os-shim": {
			"version": "0.1.3",
			"resolved": "https://registry.npmjs.org/os-shim/-/os-shim-0.1.3.tgz",
			"integrity": "sha512-jd0cvB8qQ5uVt0lvCIexBaROw1KyKm5sbulg2fWOHjETisuCzWyt+eTZKEMs8v6HwzoGs8xik26jg7eCM6pS+A==",
			"engines": {
				"node": ">= 0.4.0"
			}
		},
		"node_modules/pako": {
			"version": "1.0.11",
			"resolved": "https://registry.npmjs.org/pako/-/pako-1.0.11.tgz",
			"integrity": "sha512-4hLB8Py4zZce5s4yd9XzopqwVv/yGNhV1Bl8NTmCq1763HeK2+EwVTv+leGeL13Dnh2wfbqowVPXCIO0z4taYw==",
			"license": "(MIT AND Zlib)"
		},
		"node_modules/parse-passwd": {
			"version": "1.0.0",
			"resolved": "https://registry.npmjs.org/parse-passwd/-/parse-passwd-1.0.0.tgz",
			"integrity": "sha512-1Y1A//QUXEZK7YKz+rD9WydcE1+EuPr6ZBgKecAB8tmoW6UFv0NREVJe1p+jRxtThkcbbKkfwIbWJe/IeE6m2Q==",
			"license": "MIT",
			"engines": {
				"node": ">=0.10.0"
			}
		},
		"node_modules/path-key": {
			"version": "3.1.1",
			"resolved": "https://registry.npmjs.org/path-key/-/path-key-3.1.1.tgz",
			"integrity": "sha512-ojmeN0qd+y0jszEtoY48r0Peq5dwMEkIlCOu6Q5f41lfkswXuKtYrhgoTpLnyIcHm24Uhqx+5Tqm2InSwLhE6Q==",
			"license": "MIT",
			"engines": {
				"node": ">=8"
			}
		},
		"node_modules/path-parse": {
			"version": "1.0.7",
			"resolved": "https://registry.npmjs.org/path-parse/-/path-parse-1.0.7.tgz",
			"integrity": "sha512-LDJzPVEEEPR+y48z93A0Ed0yXb8pAByGWo/k5YYdYgpY2/2EsOsksJrq7lOHxryrVOn1ejG6oAp8ahvOIQD8sw==",
			"license": "MIT"
		},
		"node_modules/path-string-prepend": {
			"version": "1.1.9",
			"resolved": "https://registry.npmjs.org/path-string-prepend/-/path-string-prepend-1.1.9.tgz",
			"integrity": "sha512-G4oHNFAn2rbYtDRMQqDFvRo08+EYmDPN2bXvHvJvKISBrq0u3qqYxYc6vKqDTMDXbh06mySygSSpDMwNgqHsSw==",
			"license": "MIT",
			"engines": {
				"node": ">=0.8"
			}
		},
		"node_modules/pinkie": {
			"version": "2.0.4",
			"resolved": "https://registry.npmjs.org/pinkie/-/pinkie-2.0.4.tgz",
			"integrity": "sha512-MnUuEycAemtSaeFSjXKW/aroV7akBbY+Sv+RkyqFjgAe73F+MR0TBWKBRDkmfWq/HiFmdavfZ1G7h4SPZXaCSg==",
			"license": "MIT",
			"engines": {
				"node": ">=0.10.0"
			}
		},
		"node_modules/pinkie-promise": {
			"version": "2.0.1",
			"resolved": "https://registry.npmjs.org/pinkie-promise/-/pinkie-promise-2.0.1.tgz",
			"integrity": "sha512-0Gni6D4UcLTbv9c57DfxDGdr41XfgUjqWZu492f0cIGr16zDU06BWP/RAEvOuo7CQ0CNjHaLlM59YJJFm3NWlw==",
			"license": "MIT",
			"dependencies": {
				"pinkie": "^2.0.0"
			},
			"engines": {
				"node": ">=0.10.0"
			}
		},
		"node_modules/process-nextick-args": {
			"version": "2.0.1",
			"resolved": "https://registry.npmjs.org/process-nextick-args/-/process-nextick-args-2.0.1.tgz",
			"integrity": "sha512-3ouUOpQhtgrbOa17J7+uxOTpITYWaGP7/AhoR3+A+/1e9skrzelGi/dXzEYyvbxubEF6Wn2ypscTKiKJFFn1ag==",
			"license": "MIT"
		},
		"node_modules/progress-stream": {
			"version": "2.0.0",
			"resolved": "https://registry.npmjs.org/progress-stream/-/progress-stream-2.0.0.tgz",
			"integrity": "sha512-xJwOWR46jcXUq6EH9yYyqp+I52skPySOeHfkxOZ2IY1AiBi/sFJhbhAKHoV3OTw/omQ45KTio9215dRJ2Yxd3Q==",
			"license": "BSD-2-Clause",
			"dependencies": {
				"speedometer": "~1.0.0",
				"through2": "~2.0.3"
			}
		},
		"node_modules/pump": {
			"version": "3.0.4",
			"resolved": "https://registry.npmjs.org/pump/-/pump-3.0.4.tgz",
			"integrity": "sha512-VS7sjc6KR7e1ukRFhQSY5LM2uBWAUPiOPa/A3mkKmiMwSmRFUITt0xuj+/lesgnCv+dPIEYlkzrcyXgquIHMcA==",
			"license": "MIT",
			"dependencies": {
				"end-of-stream": "^1.1.0",
				"once": "^1.3.1"
			}
		},
		"node_modules/queue-cb": {
			"version": "1.6.7",
			"resolved": "https://registry.npmjs.org/queue-cb/-/queue-cb-1.6.7.tgz",
			"integrity": "sha512-gYuOeTlfR6+sWz2mFYOqTD7BaZswzSgPo1UKF83sw/GAWqLWZZyv8k9HOgR2xEblahwXs9T2AA30A6zFkhwppA==",
			"license": "MIT",
			"engines": {
				"node": ">=0.8"
			}
		},
		"node_modules/randombytes": {
			"version": "2.1.0",
			"resolved": "https://registry.npmjs.org/randombytes/-/randombytes-2.1.0.tgz",
			"integrity": "sha512-vYl3iOX+4CKUWuxGi9Ukhie6fsqXqS9FE2Zaic4tNFD2N2QQaXOMFbuKK4QmDHC0JO6B1Zp41J0LpT0oR68amQ==",
			"license": "MIT",
			"dependencies": {
				"safe-buffer": "^5.1.0"
			}
		},
		"node_modules/readable-stream": {
			"version": "2.3.8",
			"resolved": "https://registry.npmjs.org/readable-stream/-/readable-stream-2.3.8.tgz",
			"integrity": "sha512-8p0AUk4XODgIewSi0l8Epjs+EVnWiK7NoDIEGU0HhE7+ZyY8D1IMY7odu5lRrFXGg71L15KG8QrPmum45RTtdA==",
			"license": "MIT",
			"dependencies": {
				"core-util-is": "~1.0.0",
				"inherits": "~2.0.3",
				"isarray": "~1.0.0",
				"process-nextick-args": "~2.0.0",
				"safe-buffer": "~5.1.1",
				"string_decoder": "~1.1.1",
				"util-deprecate": "~1.0.1"
			}
		},
		"node_modules/readable-stream/node_modules/safe-buffer": {
			"version": "5.1.2",
			"resolved": "https://registry.npmjs.org/safe-buffer/-/safe-buffer-5.1.2.tgz",
			"integrity": "sha512-Gd2UZBJDkXlY7GbJxfsE8/nvKkUEU1G38c1siN6QP6a9PT9MmHB8GnpscSmMJSoF8LOIrt8ud/wPtojys4G6+g==",
			"license": "MIT"
		},
		"node_modules/resolve": {
			"version": "1.22.12",
			"resolved": "https://registry.npmjs.org/resolve/-/resolve-1.22.12.tgz",
			"integrity": "sha512-TyeJ1zif53BPfHootBGwPRYT1RUt6oGWsaQr8UyZW/eAm9bKoijtvruSDEmZHm92CwS9nj7/fWttqPCgzep8CA==",
			"license": "MIT",
			"dependencies": {
				"es-errors": "^1.3.0",
				"is-core-module": "^2.16.1",
				"path-parse": "^1.0.7",
				"supports-preserve-symlinks-flag": "^1.0.0"
			},
			"bin": {
				"resolve": "bin/resolve"
			},
			"engines": {
				"node": ">= 0.4"
			},
			"funding": {
				"url": "https://github.com/sponsors/ljharb"
			}
		},
		"node_modules/resolve-bin-sync": {
			"version": "1.0.15",
			"resolved": "https://registry.npmjs.org/resolve-bin-sync/-/resolve-bin-sync-1.0.15.tgz",
			"integrity": "sha512-O6qXadC3sfysaOUmjs0H0CFzUirOzBefeZ2NB+VAKKNKcYEcYrvYF8V/5cIYsxasNySLRxbhB6FqqeJGq+DrhA==",
			"license": "MIT",
			"dependencies": {
				"resolve": "^1.3.1"
			},
			"engines": {
				"node": ">=0.8"
			}
		},
		"node_modules/safe-buffer": {
			"version": "5.2.1",
			"resolved": "https://registry.npmjs.org/safe-buffer/-/safe-buffer-5.2.1.tgz",
			"integrity": "sha512-rp3So07KcdmmKbGvgaNxQSJr7bGVSVk5S9Eq1F+ppbRo70+YeaDxkw5Dd8NPN+GD6bjnYm2VuPuCXmpuYvmCXQ==",
			"funding": [
				{
					"type": "github",
					"url": "https://github.com/sponsors/feross"
				},
				{
					"type": "patreon",
					"url": "https://www.patreon.com/feross"
				},
				{
					"type": "consulting",
					"url": "https://feross.org/support"
				}
			],
			"license": "MIT"
		},
		"node_modules/semver": {
			"version": "5.7.2",
			"resolved": "https://registry.npmjs.org/semver/-/semver-5.7.2.tgz",
			"integrity": "sha512-cBznnQ9KjJqU67B52RMC65CMarK2600WFnbkcaiwWq3xy/5haFJlshgnpjovMVJ+Hff49d8GEn0b87C5pDQ10g==",
			"license": "ISC",
			"bin": {
				"semver": "bin/semver"
			}
		},
		"node_modules/shebang-command": {
			"version": "2.0.0",
			"resolved": "https://registry.npmjs.org/shebang-command/-/shebang-command-2.0.0.tgz",
			"integrity": "sha512-kHxr2zZpYtdmrN1qDjrrX/Z1rR1kG8Dx+gkpK1G4eXmvXswmcE1hTWBWYUzlraYw1/yZp6YuDY77YtvbN0dmDA==",
			"license": "MIT",
			"dependencies": {
				"shebang-regex": "^3.0.0"
			},
			"engines": {
				"node": ">=8"
			}
		},
		"node_modules/shebang-regex": {
			"version": "3.0.0",
			"resolved": "https://registry.npmjs.org/shebang-regex/-/shebang-regex-3.0.0.tgz",
			"integrity": "sha512-7++dFhtcx3353uBaq8DDR4NuxBetBzC7ZQOhmTQInHEd6bSrXdiEyzCvG07Z44UYdLShWUyXt5M/yhz8ekcb1A==",
			"license": "MIT",
			"engines": {
				"node": ">=8"
			}
		},
		"node_modules/short-hash": {
			"version": "1.0.0",
			"resolved": "https://registry.npmjs.org/short-hash/-/short-hash-1.0.0.tgz",
			"integrity": "sha512-qbUCD2Pkl4IXRyVqneEjGnUr0NGDGLzZnBUVGJngIQZf/FrhOL0yJhH+JQzak0t8xMmScIKpoX1SxOsPHdwa4w==",
			"license": "MIT",
			"dependencies": {
				"hash-string": "^1.0.0"
			}
		},
		"node_modules/signal-exit": {
			"version": "3.0.7",
			"resolved": "https://registry.npmjs.org/signal-exit/-/signal-exit-3.0.7.tgz",
			"integrity": "sha512-wnD2ZE+l+SPC/uoS0vXeE9L1+0wuaMqKlfz9AMUo38JsyLSBWSFcHR1Rri62LZc12vLr1gb3jl7iwQhgwpAbGQ==",
			"license": "ISC"
		},
		"node_modules/spawn-streaming": {
			"version": "1.3.6",
			"resolved": "https://registry.npmjs.org/spawn-streaming/-/spawn-streaming-1.3.6.tgz",
			"integrity": "sha512-qxjpLAloCmiaTYZAN8Cp1hkPINQ2e1yPirokWp0HPvEdlRvi46LlioQxgHf4MDTETwn1oFKGaY7euar3V0VtNg==",
			"license": "MIT",
			"dependencies": {
				"colors": "^1.4.0",
				"cross-spawn-cb": "^3.0.0",
				"on-one": "^1.0.0",
				"queue-cb": "^1.0.0",
				"readable-stream": "^2.0.2",
				"terminal-model": "^0.1.0"
			},
			"engines": {
				"node": ">=0.8"
			}
		},
		"node_modules/spawn-term": {
			"version": "3.5.14",
			"resolved": "https://registry.npmjs.org/spawn-term/-/spawn-term-3.5.14.tgz",
			"integrity": "sha512-KKDc/3ue1shrJxUb3eErilR22+14cQCaNJ0RjvbewCTw63K3PrSWD17NcIIDI9CceFPx3T0k+fHyTOBcO2S/EA==",
			"license": "MIT",
			"dependencies": {
				"cross-spawn-cb": "^3.0.0",
				"install-module-linked-compat": "^0.2.2",
				"on-one": "^1.0.0",
				"queue-cb": "^1.0.0",
				"terminal-model": "^0.1.0"
			},
			"engines": {
				"node": ">=0.8"
			}
		},
		"node_modules/speedometer": {
			"version": "1.0.0",
			"resolved": "https://registry.npmjs.org/speedometer/-/speedometer-1.0.0.tgz",
			"integrity": "sha512-lgxErLl/7A5+vgIIXsh9MbeukOaCb2axgQ+bKCdIE+ibNT4XNYGNCR1qFEGq6F+YDASXK3Fh/c5FgtZchFolxw==",
			"license": "MIT"
		},
		"node_modules/stack-base-iterator": {
			"version": "3.0.7",
			"resolved": "https://registry.npmjs.org/stack-base-iterator/-/stack-base-iterator-3.0.7.tgz",
			"integrity": "sha512-Zq2AHAPJ+U7iZpU3iO2dCzff6XzIM0iFwGJGxyb544kD5uXumbJXLR2uq6QGQycSDmBs7K2ufTr7fzQJO3JG0g==",
			"license": "MIT",
			"dependencies": {
				"async-compat": "^1.4.6",
				"iterator-next-callback": "^3.0.0",
				"maximize-iterator": "^5.0.1",
				"pinkie-promise": "^2.0.1"
			},
			"engines": {
				"node": ">=0.8"
			}
		},
		"node_modules/string_decoder": {
			"version": "1.1.1",
			"resolved": "https://registry.npmjs.org/string_decoder/-/string_decoder-1.1.1.tgz",
			"integrity": "sha512-n/ShnvDi6FHbbVfviro+WojiFzv+s8MPMHBczVePfUpDJLwoLT0ht1l4YwBCbi8pJAveEEdnkHyPyTP/mzRfwg==",
			"license": "MIT",
			"dependencies": {
				"safe-buffer": "~5.1.0"
			}
		},
		"node_modules/string_decoder/node_modules/safe-buffer": {
			"version": "5.1.2",
			"resolved": "https://registry.npmjs.org/safe-buffer/-/safe-buffer-5.1.2.tgz",
			"integrity": "sha512-Gd2UZBJDkXlY7GbJxfsE8/nvKkUEU1G38c1siN6QP6a9PT9MmHB8GnpscSmMJSoF8LOIrt8ud/wPtojys4G6+g==",
			"license": "MIT"
		},
		"node_modules/supports-preserve-symlinks-flag": {
			"version": "1.0.0",
			"resolved": "https://registry.npmjs.org/supports-preserve-symlinks-flag/-/supports-preserve-symlinks-flag-1.0.0.tgz",
			"integrity": "sha512-ot0WnXS9fgdkgIcePe6RHNk1WA8+muPa6cSjeR3V8K27q9BB1rTE3R1p7Hv0z1ZyAc8s6Vvv8DIyWf681MAt0w==",
			"license": "MIT",
			"engines": {
				"node": ">= 0.4"
			},
			"funding": {
				"url": "https://github.com/sponsors/ljharb"
			}
		},
		"node_modules/tar-iterator": {
			"version": "3.3.10",
			"resolved": "https://registry.npmjs.org/tar-iterator/-/tar-iterator-3.3.10.tgz",
			"integrity": "sha512-qsu5vlCyu5n1Dd7J7r6Xy6M53fj1AGgD4nxCIC9vpJVcV8bL4Y7mexvd5YdtHA0Xn8nUkMd/tMmdV6lS3jC5vA==",
			"license": "MIT",
			"dependencies": {
				"call-once-fn": "^1.0.1",
				"extract-base-iterator": "^3.4.4",
				"graceful-fs": "^4.2.11",
				"on-one": "^1.0.0"
			},
			"engines": {
				"node": ">=0.8"
			}
		},
		"node_modules/temp-suffix": {
			"version": "1.0.10",
			"resolved": "https://registry.npmjs.org/temp-suffix/-/temp-suffix-1.0.10.tgz",
			"integrity": "sha512-07MesCdrSsHgNDINYm3uc23O43XIqgdWX73gUswWsgYbEaBlLq1dLJVA2RlD9IznjppeXhMJh6vufBvQdbQvGQ==",
			"license": "MIT",
			"dependencies": {
				"imurmurhash": "^0.1.4"
			},
			"engines": {
				"node": ">=0.8"
			}
		},
		"node_modules/terminal-model": {
			"version": "0.1.4",
			"resolved": "https://registry.npmjs.org/terminal-model/-/terminal-model-0.1.4.tgz",
			"integrity": "sha512-kJEoZynbIlhUeqVhsnPVBOIYuVlC3e04np8XfqwcmscQxLbVuvr+rkbz02muXf6X82kuaqF/+oFHJb4c2dFIWQ==",
			"license": "MIT",
			"dependencies": {
				"readable-stream": "^2.0.2"
			},
			"engines": {
				"node": ">=0.8"
			}
		},
		"node_modules/thread-sleep": {
			"version": "2.2.0",
			"resolved": "https://registry.npmjs.org/thread-sleep/-/thread-sleep-2.2.0.tgz",
			"integrity": "sha512-C3zZbh9fL7c/+N8mFZ82+uK+dj0q6bSUORwhSe4icwd0xERndhB+ldw4JdejGC3Cbn1DRXlLJ/w859CQdvYV9w==",
			"license": "MIT",
			"engines": {
				"node": ">=0.11.12"
			}
		},
		"node_modules/thread-sleep-compat": {
			"version": "1.3.3",
			"resolved": "https://registry.npmjs.org/thread-sleep-compat/-/thread-sleep-compat-1.3.3.tgz",
			"integrity": "sha512-1d3qWVGgEGRrQYWO93ysRR3wVltRfLuVjLxgH+O4v+HP77414qHVaSliO06gbPkUWqUKQYaWTlBm4+scT/dEPw==",
			"hasInstallScript": true,
			"license": "MIT",
			"dependencies": {
				"exit-compat": "^1.0.0",
				"homedir-polyfill": "^1.0.3",
				"mkdirp-classic": "^0.5.2",
				"os-shim": "^0.1.3",
				"thread-sleep": "^2.2.0"
			},
			"engines": {
				"node": ">=0.8"
			}
		},
		"node_modules/through": {
			"version": "2.3.8",
			"resolved": "https://registry.npmjs.org/through/-/through-2.3.8.tgz",
			"integrity": "sha512-w89qg7PI8wAdvX60bMDP+bFoD5Dvhm9oLheFp5O4a2QF0cSBGsBX4qZmadPMvVqlLJBBci+WqGGOAPvcDeNSVg==",
			"license": "MIT"
		},
		"node_modules/through2": {
			"version": "2.0.5",
			"resolved": "https://registry.npmjs.org/through2/-/through2-2.0.5.tgz",
			"integrity": "sha512-/mrRod8xqpA+IHSLyGCQ2s8SPHiCDEeQJSep1jqLYeEUClOFG2Qsh+4FU6G9VeqpZnGW/Su8LQGc4YKni5rYSQ==",
			"license": "MIT",
			"dependencies": {
				"readable-stream": "~2.3.6",
				"xtend": "~4.0.1"
			}
		},
		"node_modules/unbzip2-stream": {
			"version": "1.0.8",
			"resolved": "https://registry.npmjs.org/unbzip2-stream/-/unbzip2-stream-1.0.8.tgz",
			"integrity": "sha512-2PXIvUA5Ne/tYPX/3jauqXv/HEvbvPYCPfreZCD6Rsq1edTUQ1M1B2wUxMAjzs6wOl3u9XP7v2p8uemMRE5how==",
			"license": "MIT",
			"dependencies": {
				"buffer": "^3.0.1",
				"through": "^2.3.6"
			}
		},
		"node_modules/unc-path-regex": {
			"version": "0.1.2",
			"resolved": "https://registry.npmjs.org/unc-path-regex/-/unc-path-regex-0.1.2.tgz",
			"integrity": "sha512-eXL4nmJT7oCpkZsHZUOJo8hcX3GbsiDOa0Qu9F646fi8dT3XuSVopVqAcEiVzSKKH7UoDti23wNX3qGFxcW5Qg==",
			"license": "MIT",
			"engines": {
				"node": ">=0.10.0"
			}
		},
		"node_modules/util-deprecate": {
			"version": "1.0.2",
			"resolved": "https://registry.npmjs.org/util-deprecate/-/util-deprecate-1.0.2.tgz",
			"integrity": "sha512-EPD5q1uXyFxJpCrLnCc1nHnq3gOa6DZBocAIiI2TaSCA7VCJ1UJDMagCzIkXNsUYfD1daK//LTEQ8xiIbrHtcw==",
			"license": "MIT"
		},
		"node_modules/which": {
			"version": "1.3.1",
			"resolved": "https://registry.npmjs.org/which/-/which-1.3.1.tgz",
			"integrity": "sha512-HxJdYWq1MTIQbJ3nw0cqssHoTNU267KlrDuGZ1WYlxDStUtKUhOaJmh112/TZmHxxUfuJqPXSOm7tDyas0OSIQ==",
			"license": "ISC",
			"dependencies": {
				"isexe": "^2.0.0"
			},
			"bin": {
				"which": "bin/which"
			}
		},
		"node_modules/wrappy": {
			"version": "1.0.2",
			"resolved": "https://registry.npmjs.org/wrappy/-/wrappy-1.0.2.tgz",
			"integrity": "sha512-l4Sp/DRseor9wL6EvV2+TuQn63dMkPjZ/sp9XkghTEbV9KlPS1xUsZ3u7/IQO4wxtcFB4bgpQPRcR3QCvezPcQ==",
			"license": "ISC"
		},
		"node_modules/xtend": {
			"version": "4.0.2",
			"resolved": "https://registry.npmjs.org/xtend/-/xtend-4.0.2.tgz",
			"integrity": "sha512-LKYU1iAXJXUgAXn9URjiu+MWhyUXHsvfp7mcuYm9dSUKK0/CjtrUwFAxD82/mCWbtLsGjFIad0wIsod4zrTAEQ==",
			"license": "MIT",
			"engines": {
				"node": ">=0.4"
			}
		},
		"node_modules/xz-compat": {
			"version": "1.2.9",
			"resolved": "https://registry.npmjs.org/xz-compat/-/xz-compat-1.2.9.tgz",
			"integrity": "sha512-H4S2wziAV2AgqlMjPFqZrLGUO5WfFu2hzvvgW2mwQ/MQGSMIKt8MLhHd+3P7gsRIoSOnDrH+fUi8uG9/pO0Ugg==",
			"license": "MIT",
			"dependencies": {
				"extract-base-iterator": "^3.4.4",
				"install-module-linked-compat": "^0.2.2",
				"os-shim": "^0.1.3"
			},
			"engines": {
				"node": ">=0.8"
			}
		},
		"node_modules/zip-iterator": {
			"version": "3.2.14",
			"resolved": "https://registry.npmjs.org/zip-iterator/-/zip-iterator-3.2.14.tgz",
			"integrity": "sha512-sXDxQwT74yC3ja+cYw2a92LpGyWrPotC7f/cIOzkVlg9tCiVVOlXOmr1w+GUn11pStrgvf1wJt+t7AIQjtYqCw==",
			"license": "MIT",
			"dependencies": {
				"call-once-fn": "^1.0.1",
				"extract-base-iterator": "^3.4.4",
				"graceful-fs": "^4.2.11",
				"on-one": "^1.0.0"
			},
			"engines": {
				"node": ">=0.8"
			}
		}
	}
}
